// !$*UTF8*$!
{
	archiveVersion = 1;
	classes = {
	};
	objectVersion = 50;
	objects = {

/* Begin PBXBuildFile section */
		390786F82100962100B8DB7E /* AppDelegate.swift in Sources */ = {isa = PBXBuildFile; fileRef = 390786F72100962100B8DB7E /* AppDelegate.swift */; };
		390786FD2100962100B8DB7E /* Main.storyboard in Resources */ = {isa = PBXBuildFile; fileRef = 390786FB2100962100B8DB7E /* Main.storyboard */; };
		390786FF2100962200B8DB7E /* Assets.xcassets in Resources */ = {isa = PBXBuildFile; fileRef = 390786FE2100962200B8DB7E /* Assets.xcassets */; };
		390787022100962200B8DB7E /* LaunchScreen.storyboard in Resources */ = {isa = PBXBuildFile; fileRef = 390787002100962200B8DB7E /* LaunchScreen.storyboard */; };
		3907870D2100962200B8DB7E /* icdab_memTests.swift in Sources */ = {isa = PBXBuildFile; fileRef = 3907870C2100962200B8DB7E /* icdab_memTests.swift */; };
		390787182100962200B8DB7E /* icdab_memUITests.swift in Sources */ = {isa = PBXBuildFile; fileRef = 390787172100962200B8DB7E /* icdab_memUITests.swift */; };
		390787262100972900B8DB7E /* MainPageViewController.swift in Sources */ = {isa = PBXBuildFile; fileRef = 390787252100972900B8DB7E /* MainPageViewController.swift */; };
		390787282100976800B8DB7E /* PlanetViewController.swift in Sources */ = {isa = PBXBuildFile; fileRef = 390787272100976800B8DB7E /* PlanetViewController.swift */; };
		3907872A21009E4300B8DB7E /* DownloadHelper.swift in Sources */ = {isa = PBXBuildFile; fileRef = 3907872921009E4300B8DB7E /* DownloadHelper.swift */; };
/* End PBXBuildFile section */

/* Begin PBXContainerItemProxy section */
		390787092100962200B8DB7E /* PBXContainerItemProxy */ = {
			isa = PBXContainerItemProxy;
			containerPortal = 390786EC2100962100B8DB7E /* Project object */;
			proxyType = 1;
			remoteGlobalIDString = 390786F32100962100B8DB7E;
			remoteInfo = icdab_mem;
		};
		390787142100962200B8DB7E /* PBXContainerItemProxy */ = {
			isa = PBXContainerItemProxy;
			containerPortal = 390786EC2100962100B8DB7E /* Project object */;
			proxyType = 1;
			remoteGlobalIDString = 390786F32100962100B8DB7E;
			remoteInfo = icdab_mem;
		};
/* End PBXContainerItemProxy section */

/* Begin PBXFileReference section */
		390786F42100962100B8DB7E /* icdab_mem.app */ = {isa = PBXFileReference; explicitFileType = wrapper.application; includeInIndex = 0; path = icdab_mem.app; sourceTree = BUILT_PRODUCTS_DIR; };
		390786F72100962100B8DB7E /* AppDelegate.swift */ = {isa = PBXFileReference; lastKnownFileType = sourcecode.swift; path = AppDelegate.swift; sourceTree = "<group>"; };
		390786FC2100962100B8DB7E /* Base */ = {isa = PBXFileReference; lastKnownFileType = file.storyboard; name = Base; path = Base.lproj/Main.storyboard; sourceTree = "<group>"; };
		390786FE2100962200B8DB7E /* Assets.xcassets */ = {isa = PBXFileReference; lastKnownFileType = folder.assetcatalog; path = Assets.xcassets; sourceTree = "<group>"; };
		390787012100962200B8DB7E /* Base */ = {isa = PBXFileReference; lastKnownFileType = file.storyboard; name = Base; path = Base.lproj/LaunchScreen.storyboard; sourceTree = "<group>"; };
		390787032100962200B8DB7E /* Info.plist */ = {isa = PBXFileReference; lastKnownFileType = text.plist.xml; path = Info.plist; sourceTree = "<group>"; };
		390787082100962200B8DB7E /* icdab_memTests.xctest */ = {isa = PBXFileReference; explicitFileType = wrapper.cfbundle; includeInIndex = 0; path = icdab_memTests.xctest; sourceTree = BUILT_PRODUCTS_DIR; };
		3907870C2100962200B8DB7E /* icdab_memTests.swift */ = {isa = PBXFileReference; lastKnownFileType = sourcecode.swift; path = icdab_memTests.swift; sourceTree = "<group>"; };
		3907870E2100962200B8DB7E /* Info.plist */ = {isa = PBXFileReference; lastKnownFileType = text.plist.xml; path = Info.plist; sourceTree = "<group>"; };
		390787132100962200B8DB7E /* icdab_memUITests.xctest */ = {isa = PBXFileReference; explicitFileType = wrapper.cfbundle; includeInIndex = 0; path = icdab_memUITests.xctest; sourceTree = BUILT_PRODUCTS_DIR; };
		390787172100962200B8DB7E /* icdab_memUITests.swift */ = {isa = PBXFileReference; lastKnownFileType = sourcecode.swift; path = icdab_memUITests.swift; sourceTree = "<group>"; };
		390787192100962200B8DB7E /* Info.plist */ = {isa = PBXFileReference; lastKnownFileType = text.plist.xml; path = Info.plist; sourceTree = "<group>"; };
		390787252100972900B8DB7E /* MainPageViewController.swift */ = {isa = PBXFileReference; lastKnownFileType = sourcecode.swift; path = MainPageViewController.swift; sourceTree = "<group>"; };
		390787272100976800B8DB7E /* PlanetViewController.swift */ = {isa = PBXFileReference; lastKnownFileType = sourcecode.swift; path = PlanetViewController.swift; sourceTree = "<group>"; };
		3907872921009E4300B8DB7E /* DownloadHelper.swift */ = {isa = PBXFileReference; lastKnownFileType = sourcecode.swift; path = DownloadHelper.swift; sourceTree = "<group>"; };
/* End PBXFileReference section */

/* Begin PBXFrameworksBuildPhase section */
		390786F12100962100B8DB7E /* Frameworks */ = {
			isa = PBXFrameworksBuildPhase;
			buildActionMask = 2147483647;
			files = (
			);
			runOnlyForDeploymentPostprocessing = 0;
		};
		390787052100962200B8DB7E /* Frameworks */ = {
			isa = PBXFrameworksBuildPhase;
			buildActionMask = 2147483647;
			files = (
			);
			runOnlyForDeploymentPostprocessing = 0;
		};
		390787102100962200B8DB7E /* Frameworks */ = {
			isa = PBXFrameworksBuildPhase;
			buildActionMask = 2147483647;
			files = (
			);
			runOnlyForDeploymentPostprocessing = 0;
		};
/* End PBXFrameworksBuildPhase section */

/* Begin PBXGroup section */
		390786EB2100962100B8DB7E = {
			isa = PBXGroup;
			children = (
				390786F62100962100B8DB7E /* icdab_mem */,
				3907870B2100962200B8DB7E /* icdab_memTests */,
				390787162100962200B8DB7E /* icdab_memUITests */,
				390786F52100962100B8DB7E /* Products */,
			);
			sourceTree = "<group>";
		};
		390786F52100962100B8DB7E /* Products */ = {
			isa = PBXGroup;
			children = (
				390786F42100962100B8DB7E /* icdab_mem.app */,
				390787082100962200B8DB7E /* icdab_memTests.xctest */,
				390787132100962200B8DB7E /* icdab_memUITests.xctest */,
			);
			name = Products;
			sourceTree = "<group>";
		};
		390786F62100962100B8DB7E /* icdab_mem */ = {
			isa = PBXGroup;
			children = (
				390786F72100962100B8DB7E /* AppDelegate.swift */,
				390786FB2100962100B8DB7E /* Main.storyboard */,
				390787252100972900B8DB7E /* MainPageViewController.swift */,
				390787272100976800B8DB7E /* PlanetViewController.swift */,
				3907872921009E4300B8DB7E /* DownloadHelper.swift */,
				390786FE2100962200B8DB7E /* Assets.xcassets */,
				390787002100962200B8DB7E /* LaunchScreen.storyboard */,
				390787032100962200B8DB7E /* Info.plist */,
			);
			path = icdab_mem;
			sourceTree = "<group>";
		};
		3907870B2100962200B8DB7E /* icdab_memTests */ = {
			isa = PBXGroup;
			children = (
				3907870C2100962200B8DB7E /* icdab_memTests.swift */,
				3907870E2100962200B8DB7E /* Info.plist */,
			);
			path = icdab_memTests;
			sourceTree = "<group>";
		};
		390787162100962200B8DB7E /* icdab_memUITests */ = {
			isa = PBXGroup;
			children = (
				390787172100962200B8DB7E /* icdab_memUITests.swift */,
				390787192100962200B8DB7E /* Info.plist */,
			);
			path = icdab_memUITests;
			sourceTree = "<group>";
		};
/* End PBXGroup section */

/* Begin PBXNativeTarget section */
		390786F32100962100B8DB7E /* icdab_mem */ = {
			isa = PBXNativeTarget;
			buildConfigurationList = 3907871C2100962200B8DB7E /* Build configuration list for PBXNativeTarget "icdab_mem" */;
			buildPhases = (
				390786F02100962100B8DB7E /* Sources */,
				390786F12100962100B8DB7E /* Frameworks */,
				390786F22100962100B8DB7E /* Resources */,
			);
			buildRules = (
			);
			dependencies = (
			);
			name = icdab_mem;
			productName = icdab_mem;
			productReference = 390786F42100962100B8DB7E /* icdab_mem.app */;
			productType = "com.apple.product-type.application";
		};
		390787072100962200B8DB7E /* icdab_memTests */ = {
			isa = PBXNativeTarget;
			buildConfigurationList = 3907871F2100962200B8DB7E /* Build configuration list for PBXNativeTarget "icdab_memTests" */;
			buildPhases = (
				390787042100962200B8DB7E /* Sources */,
				390787052100962200B8DB7E /* Frameworks */,
				390787062100962200B8DB7E /* Resources */,
			);
			buildRules = (
			);
			dependencies = (
				3907870A2100962200B8DB7E /* PBXTargetDependency */,
			);
			name = icdab_memTests;
			productName = icdab_memTests;
			productReference = 390787082100962200B8DB7E /* icdab_memTests.xctest */;
			productType = "com.apple.product-type.bundle.unit-test";
		};
		390787122100962200B8DB7E /* icdab_memUITests */ = {
			isa = PBXNativeTarget;
			buildConfigurationList = 390787222100962200B8DB7E /* Build configuration list for PBXNativeTarget "icdab_memUITests" */;
			buildPhases = (
				3907870F2100962200B8DB7E /* Sources */,
				390787102100962200B8DB7E /* Frameworks */,
				390787112100962200B8DB7E /* Resources */,
			);
			buildRules = (
			);
			dependencies = (
				390787152100962200B8DB7E /* PBXTargetDependency */,
			);
			name = icdab_memUITests;
			productName = icdab_memUITests;
			productReference = 390787132100962200B8DB7E /* icdab_memUITests.xctest */;
			productType = "com.apple.product-type.bundle.ui-testing";
		};
/* End PBXNativeTarget section */

/* Begin PBXProject section */
		390786EC2100962100B8DB7E /* Project object */ = {
			isa = PBXProject;
			attributes = {
				LastSwiftUpdateCheck = 0930;
				LastUpgradeCheck = 0930;
				ORGANIZATIONNAME = "Faisal Memon";
				TargetAttributes = {
					390786F32100962100B8DB7E = {
						CreatedOnToolsVersion = 9.3;
					};
					390787072100962200B8DB7E = {
						CreatedOnToolsVersion = 9.3;
						TestTargetID = 390786F32100962100B8DB7E;
					};
					390787122100962200B8DB7E = {
						CreatedOnToolsVersion = 9.3;
						TestTargetID = 390786F32100962100B8DB7E;
					};
				};
			};
			buildConfigurationList = 390786EF2100962100B8DB7E /* Build configuration list for PBXProject "icdab_mem" */;
			compatibilityVersion = "Xcode 9.3";
			developmentRegion = en;
			hasScannedForEncodings = 0;
			knownRegions = (
				en,
				Base,
			);
			mainGroup = 390786EB2100962100B8DB7E;
			productRefGroup = 390786F52100962100B8DB7E /* Products */;
			projectDirPath = "";
			projectRoot = "";
			targets = (
				390786F32100962100B8DB7E /* icdab_mem */,
				390787072100962200B8DB7E /* icdab_memTests */,
				390787122100962200B8DB7E /* icdab_memUITests */,
			);
		};
/* End PBXProject section */

/* Begin PBXResourcesBuildPhase section */
		390786F22100962100B8DB7E /* Resources */ = {
			isa = PBXResourcesBuildPhase;
			buildActionMask = 2147483647;
			files = (
				390787022100962200B8DB7E /* LaunchScreen.storyboard in Resources */,
				390786FF2100962200B8DB7E /* Assets.xcassets in Resources */,
				390786FD2100962100B8DB7E /* Main.storyboard in Resources */,
			);
			runOnlyForDeploymentPostprocessing = 0;
		};
		390787062100962200B8DB7E /* Resources */ = {
			isa = PBXResourcesBuildPhase;
			buildActionMask = 2147483647;
			files = (
			);
			runOnlyForDeploymentPostprocessing = 0;
		};
		390787112100962200B8DB7E /* Resources */ = {
			isa = PBXResourcesBuildPhase;
			buildActionMask = 2147483647;
			files = (
			);
			runOnlyForDeploymentPostprocessing = 0;
		};
/* End PBXResourcesBuildPhase section */

/* Begin PBXSourcesBuildPhase section */
		390786F02100962100B8DB7E /* Sources */ = {
			isa = PBXSourcesBuildPhase;
			buildActionMask = 2147483647;
			files = (
				390787262100972900B8DB7E /* MainPageViewController.swift in Sources */,
				390786F82100962100B8DB7E /* AppDelegate.swift in Sources */,
				390787282100976800B8DB7E /* PlanetViewController.swift in Sources */,
				3907872A21009E4300B8DB7E /* DownloadHelper.swift in Sources */,
			);
			runOnlyForDeploymentPostprocessing = 0;
		};
		390787042100962200B8DB7E /* Sources */ = {
			isa = PBXSourcesBuildPhase;
			buildActionMask = 2147483647;
			files = (
				3907870D2100962200B8DB7E /* icdab_memTests.swift in Sources */,
			);
			runOnlyForDeploymentPostprocessing = 0;
		};
		3907870F2100962200B8DB7E /* Sources */ = {
			isa = PBXSourcesBuildPhase;
			buildActionMask = 2147483647;
			files = (
				390787182100962200B8DB7E /* icdab_memUITests.swift in Sources */,
			);
			runOnlyForDeploymentPostprocessing = 0;
		};
/* End PBXSourcesBuildPhase section */

/* Begin PBXTargetDependency section */
		3907870A2100962200B8DB7E /* PBXTargetDependency */ = {
			isa = PBXTargetDependency;
			target = 390786F32100962100B8DB7E /* icdab_mem */;
			targetProxy = 390787092100962200B8DB7E /* PBXContainerItemProxy */;
		};
		390787152100962200B8DB7E /* PBXTargetDependency */ = {
			isa = PBXTargetDependency;
			target = 390786F32100962100B8DB7E /* icdab_mem */;
			targetProxy = 390787142100962200B8DB7E /* PBXContainerItemProxy */;
		};
/* End PBXTargetDependency section */

/* Begin PBXVariantGroup section */
		390786FB2100962100B8DB7E /* Main.storyboard */ = {
			isa = PBXVariantGroup;
			children = (
				390786FC2100962100B8DB7E /* Base */,
			);
			name = Main.storyboard;
			sourceTree = "<group>";
		};
		390787002100962200B8DB7E /* LaunchScreen.storyboard */ = {
			isa = PBXVariantGroup;
			children = (
				390787012100962200B8DB7E /* Base */,
			);
			name = LaunchScreen.storyboard;
			sourceTree = "<group>";
		};
/* End PBXVariantGroup section */

/* Begin XCBuildConfiguration section */
		3907871A2100962200B8DB7E /* Debug */ = {
			isa = XCBuildConfiguration;
			buildSettings = {
				ALWAYS_SEARCH_USER_PATHS = NO;
				CLANG_ANALYZER_NONNULL = YES;
				CLANG_ANALYZER_NUMBER_OBJECT_CONVERSION = YES_AGGRESSIVE;
				CLANG_CXX_LANGUAGE_STANDARD = "gnu++14";
				CLANG_CXX_LIBRARY = "libc++";
				CLANG_ENABLE_MODULES = YES;
				CLANG_ENABLE_OBJC_ARC = YES;
				CLANG_ENABLE_OBJC_WEAK = YES;
				CLANG_WARN_BLOCK_CAPTURE_AUTORELEASING = YES;
				CLANG_WARN_BOOL_CONVERSION = YES;
				CLANG_WARN_COMMA = YES;
				CLANG_WARN_CONSTANT_CONVERSION = YES;
				CLANG_WARN_DEPRECATED_OBJC_IMPLEMENTATIONS = YES;
				CLANG_WARN_DIRECT_OBJC_ISA_USAGE = YES_ERROR;
				CLANG_WARN_DOCUMENTATION_COMMENTS = YES;
				CLANG_WARN_EMPTY_BODY = YES;
				CLANG_WARN_ENUM_CONVERSION = YES;
				CLANG_WARN_INFINITE_RECURSION = YES;
				CLANG_WARN_INT_CONVERSION = YES;
				CLANG_WARN_NON_LITERAL_NULL_CONVERSION = YES;
				CLANG_WARN_OBJC_IMPLICIT_RETAIN_SELF = YES;
				CLANG_WARN_OBJC_LITERAL_CONVERSION = YES;
				CLANG_WARN_OBJC_ROOT_CLASS = YES_ERROR;
				CLANG_WARN_RANGE_LOOP_ANALYSIS = YES;
				CLANG_WARN_STRICT_PROTOTYPES = YES;
				CLANG_WARN_SUSPICIOUS_MOVE = YES;
				CLANG_WARN_UNGUARDED_AVAILABILITY = YES_AGGRESSIVE;
				CLANG_WARN_UNREACHABLE_CODE = YES;
				CLANG_WARN__DUPLICATE_METHOD_MATCH = YES;
				CODE_SIGN_IDENTITY = "iPhone Developer";
				COPY_PHASE_STRIP = NO;
				DEBUG_INFORMATION_FORMAT = dwarf;
				ENABLE_STRICT_OBJC_MSGSEND = YES;
				ENABLE_TESTABILITY = YES;
				GCC_C_LANGUAGE_STANDARD = gnu11;
				GCC_DYNAMIC_NO_PIC = NO;
				GCC_NO_COMMON_BLOCKS = YES;
				GCC_OPTIMIZATION_LEVEL = 0;
				GCC_PREPROCESSOR_DEFINITIONS = (
					"DEBUG=1",
					"$(inherited)",
				);
				GCC_WARN_64_TO_32_BIT_CONVERSION = YES;
				GCC_WARN_ABOUT_RETURN_TYPE = YES_ERROR;
				GCC_WARN_UNDECLARED_SELECTOR = YES;
				GCC_WARN_UNINITIALIZED_AUTOS = YES_AGGRESSIVE;
				GCC_WARN_UNUSED_FUNCTION = YES;
				GCC_WARN_UNUSED_VARIABLE = YES;
				IPHONEOS_DEPLOYMENT_TARGET = 11.3;
				MTL_ENABLE_DEBUG_INFO = YES;
				ONLY_ACTIVE_ARCH = YES;
				SDKROOT = iphoneos;
				SWIFT_ACTIVE_COMPILATION_CONDITIONS = DEBUG;
				SWIFT_OPTIMIZATION_LEVEL = "-Onone";
			};
			name = Debug;
		};
		3907871B2100962200B8DB7E /* Release */ = {
			isa = XCBuildConfiguration;
			buildSettings = {
				ALWAYS_SEARCH_USER_PATHS = NO;
				CLANG_ANALYZER_NONNULL = YES;
				CLANG_ANALYZER_NUMBER_OBJECT_CONVERSION = YES_AGGRESSIVE;
				CLANG_CXX_LANGUAGE_STANDARD = "gnu++14";
				CLANG_CXX_LIBRARY = "libc++";
				CLANG_ENABLE_MODULES = YES;
				CLANG_ENABLE_OBJC_ARC = YES;
				CLANG_ENABLE_OBJC_WEAK = YES;
				CLANG_WARN_BLOCK_CAPTURE_AUTORELEASING = YES;
				CLANG_WARN_BOOL_CONVERSION = YES;
				CLANG_WARN_COMMA = YES;
				CLANG_WARN_CONSTANT_CONVERSION = YES;
				CLANG_WARN_DEPRECATED_OBJC_IMPLEMENTATIONS = YES;
				CLANG_WARN_DIRECT_OBJC_ISA_USAGE = YES_ERROR;
				CLANG_WARN_DOCUMENTATION_COMMENTS = YES;
				CLANG_WARN_EMPTY_BODY = YES;
				CLANG_WARN_ENUM_CONVERSION = YES;
				CLANG_WARN_INFINITE_RECURSION = YES;
				CLANG_WARN_INT_CONVERSION = YES;
				CLANG_WARN_NON_LITERAL_NULL_CONVERSION = YES;
				CLANG_WARN_OBJC_IMPLICIT_RETAIN_SELF = YES;
				CLANG_WARN_OBJC_LITERAL_CONVERSION = YES;
				CLANG_WARN_OBJC_ROOT_CLASS = YES_ERROR;
				CLANG_WARN_RANGE_LOOP_ANALYSIS = YES;
				CLANG_WARN_STRICT_PROTOTYPES = YES;
				CLANG_WARN_SUSPICIOUS_MOVE = YES;
				CLANG_WARN_UNGUARDED_AVAILABILITY = YES_AGGRESSIVE;
				CLANG_WARN_UNREACHABLE_CODE = YES;
				CLANG_WARN__DUPLICATE_METHOD_MATCH = YES;
				CODE_SIGN_IDENTITY = "iPhone Developer";
				COPY_PHASE_STRIP = NO;
				DEBUG_INFORMATION_FORMAT = "dwarf-with-dsym";
				ENABLE_NS_ASSERTIONS = NO;
				ENABLE_STRICT_OBJC_MSGSEND = YES;
				GCC_C_LANGUAGE_STANDARD = gnu11;
				GCC_NO_COMMON_BLOCKS = YES;
				GCC_WARN_64_TO_32_BIT_CONVERSION = YES;
				GCC_WARN_ABOUT_RETURN_TYPE = YES_ERROR;
				GCC_WARN_UNDECLARED_SELECTOR = YES;
				GCC_WARN_UNINITIALIZED_AUTOS = YES_AGGRESSIVE;
				GCC_WARN_UNUSED_FUNCTION = YES;
				GCC_WARN_UNUSED_VARIABLE = YES;
				IPHONEOS_DEPLOYMENT_TARGET = 11.3;
				MTL_ENABLE_DEBUG_INFO = NO;
				SDKROOT = iphoneos;
				SWIFT_COMPILATION_MODE = wholemodule;
				SWIFT_OPTIMIZATION_LEVEL = "-O";
				VALIDATE_PRODUCT = YES;
			};
			name = Release;
		};
		3907871D2100962200B8DB7E /* Debug */ = {
			isa = XCBuildConfiguration;
			buildSettings = {
				ASSETCATALOG_COMPILER_APPICON_NAME = AppIcon;
				CODE_SIGN_STYLE = Automatic;
				DEBUG_INFORMATION_FORMAT = "dwarf-with-dsym";
				DEVELOPMENT_TEAM = 5Y3322JWHB;
				INFOPLIST_FILE = icdab_mem/Info.plist;
				LD_RUNPATH_SEARCH_PATHS = (
					"$(inherited)",
					"@executable_path/Frameworks",
				);
				PRODUCT_BUNDLE_IDENTIFIER = "www.perivalebluebell.icdab-mem";
				PRODUCT_NAME = "$(TARGET_NAME)";
				SWIFT_VERSION = 4.0;
				TARGETED_DEVICE_FAMILY = "1,2";
			};
			name = Debug;
		};
		3907871E2100962200B8DB7E /* Release */ = {
			isa = XCBuildConfiguration;
			buildSettings = {
				ASSETCATALOG_COMPILER_APPICON_NAME = AppIcon;
				CODE_SIGN_STYLE = Automatic;
				DEVELOPMENT_TEAM = 5Y3322JWHB;
				INFOPLIST_FILE = icdab_mem/Info.plist;
				LD_RUNPATH_SEARCH_PATHS = (
					"$(inherited)",
					"@executable_path/Frameworks",
				);
				PRODUCT_BUNDLE_IDENTIFIER = "www.perivalebluebell.icdab-mem";
				PRODUCT_NAME = "$(TARGET_NAME)";
				SWIFT_VERSION = 4.0;
				TARGETED_DEVICE_FAMILY = "1,2";
			};
			name = Release;
		};
		390787202100962200B8DB7E /* Debug */ = {
			isa = XCBuildConfiguration;
			buildSettings = {
				ALWAYS_EMBED_SWIFT_STANDARD_LIBRARIES = YES;
				BUNDLE_LOADER = "$(TEST_HOST)";
				CODE_SIGN_STYLE = Automatic;
				DEVELOPMENT_TEAM = 5Y3322JWHB;
				INFOPLIST_FILE = icdab_memTests/Info.plist;
				LD_RUNPATH_SEARCH_PATHS = (
					"$(inherited)",
					"@executable_path/Frameworks",
					"@loader_path/Frameworks",
				);
				PRODUCT_BUNDLE_IDENTIFIER = "www.perivalebluebell.icdab-memTests";
				PRODUCT_NAME = "$(TARGET_NAME)";
				SWIFT_VERSION = 4.0;
				TARGETED_DEVICE_FAMILY = "1,2";
				TEST_HOST = "$(BUILT_PRODUCTS_DIR)/icdab_mem.app/icdab_mem";
			};
			name = Debug;
		};
		390787212100962200B8DB7E /* Release */ = {
			isa = XCBuildConfiguration;
			buildSettings = {
				ALWAYS_EMBED_SWIFT_STANDARD_LIBRARIES = YES;
				BUNDLE_LOADER = "$(TEST_HOST)";
				CODE_SIGN_STYLE = Automatic;
				DEVELOPMENT_TEAM = 5Y3322JWHB;
				INFOPLIST_FILE = icdab_memTests/Info.plist;
				LD_RUNPATH_SEARCH_PATHS = (
					"$(inherited)",
					"@executable_path/Frameworks",
					"@loader_path/Frameworks",
				);
				PRODUCT_BUNDLE_IDENTIFIER = "www.perivalebluebell.icdab-memTests";
				PRODUCT_NAME = "$(TARGET_NAME)";
				SWIFT_VERSION = 4.0;
				TARGETED_DEVICE_FAMILY = "1,2";
				TEST_HOST = "$(BUILT_PRODUCTS_DIR)/icdab_mem.app/icdab_mem";
			};
			name = Release;
		};
		390787232100962200B8DB7E /* Debug */ = {
			isa = XCBuildConfiguration;
			buildSettings = {
				ALWAYS_EMBED_SWIFT_STANDARD_LIBRARIES = YES;
				CODE_SIGN_STYLE = Automatic;
				DEVELOPMENT_TEAM = 5Y3322JWHB;
				INFOPLIST_FILE = icdab_memUITests/Info.plist;
				LD_RUNPATH_SEARCH_PATHS = (
					"$(inherited)",
					"@executable_path/Frameworks",
					"@loader_path/Frameworks",
				);
				PRODUCT_BUNDLE_IDENTIFIER = "www.perivalebluebell.icdab-memUITests";
				PRODUCT_NAME = "$(TARGET_NAME)";
				SWIFT_VERSION = 4.0;
				TARGETED_DEVICE_FAMILY = "1,2";
				TEST_TARGET_NAME = icdab_mem;
			};
			name = Debug;
		};
		390787242100962200B8DB7E /* Release */ = {
			isa = XCBuildConfiguration;
			buildSettings = {
				ALWAYS_EMBED_SWIFT_STANDARD_LIBRARIES = YES;
				CODE_SIGN_STYLE = Automatic;
				DEVELOPMENT_TEAM = 5Y3322JWHB;
				INFOPLIST_FILE = icdab_memUITests/Info.plist;
				LD_RUNPATH_SEARCH_PATHS = (
					"$(inherited)",
					"@executable_path/Frameworks",
					"@loader_path/Frameworks",
				);
				PRODUCT_BUNDLE_IDENTIFIER = "www.perivalebluebell.icdab-memUITests";
				PRODUCT_NAME = "$(TARGET_NAME)";
				SWIFT_VERSION = 4.0;
				TARGETED_DEVICE_FAMILY = "1,2";
				TEST_TARGET_NAME = icdab_mem;
			};
			name = Release;
		};
/* End XCBuildConfiguration section */

/* Begin XCConfigurationList section */
		390786EF2100962100B8DB7E /* Build configuration list for PBXProject "icdab_mem" */ = {
			isa = XCConfigurationList;
			buildConfigurations = (
				3907871A2100962200B8DB7E /* Debug */,
				3907871B2100962200B8DB7E /* Release */,
			);
			defaultConfigurationIsVisible = 0;
			defaultConfigurationName = Release;
		};
		3907871C2100962200B8DB7E /* Build configuration list for PBXNativeTarget "icdab_mem" */ = {
			isa = XCConfigurationList;
			buildConfigurations = (
				3907871D2100962200B8DB7E /* Debug */,
				3907871E2100962200B8DB7E /* Release */,
			);
			defaultConfigurationIsVisible = 0;
			defaultConfigurationName = Release;
		};
		3907871F2100962200B8DB7E /* Build configuration list for PBXNativeTarget "icdab_memTests" */ = {
			isa = XCConfigurationList;
			buildConfigurations = (
				390787202100962200B8DB7E /* Debug */,
				390787212100962200B8DB7E /* Release */,
			);
			defaultConfigurationIsVisible = 0;
			defaultConfigurationName = Release;
		};
		390787222100962200B8DB7E /* Build configuration list for PBXNativeTarget "icdab_memUITests" */ = {
			isa = XCConfigurationList;
			buildConfigurations = (
				390787232100962200B8DB7E /* Debug */,
				390787242100962200B8DB7E /* Release */,
			);
			defaultConfigurationIsVisible = 0;
			defaultConfigurationName = Release;
		};
/* End XCConfigurationList section */
	};
	rootObject = 390786EC2100962100B8DB7E /* Project object */;
}
