// !$*UTF8*$!
{
	archiveVersion = 1;
	classes = {
	};
	objectVersion = 50;
	objects = {

/* Begin PBXBuildFile section */
		39D479492149589C00CD623B /* AppDelegate.swift in Sources */ = {isa = PBXBuildFile; fileRef = 39D479482149589C00CD623B /* AppDelegate.swift */; };
		39D4794B2149589C00CD623B /* ViewController.swift in Sources */ = {isa = PBXBuildFile; fileRef = 39D4794A2149589C00CD623B /* ViewController.swift */; };
		39D4794E2149589C00CD623B /* Main.storyboard in Resources */ = {isa = PBXBuildFile; fileRef = 39D4794C2149589C00CD623B /* Main.storyboard */; };
		39D479502149589C00CD623B /* Assets.xcassets in Resources */ = {isa = PBXBuildFile; fileRef = 39D4794F2149589C00CD623B /* Assets.xcassets */; };
		39D479532149589C00CD623B /* LaunchScreen.storyboard in Resources */ = {isa = PBXBuildFile; fileRef = 39D479512149589C00CD623B /* LaunchScreen.storyboard */; };
		39D4795E2149589C00CD623B /* icdab_broken_payloadTests.swift in Sources */ = {isa = PBXBuildFile; fileRef = 39D4795D2149589C00CD623B /* icdab_broken_payloadTests.swift */; };
		39D479692149589C00CD623B /* icdab_broken_payloadUITests.swift in Sources */ = {isa = PBXBuildFile; fileRef = 39D479682149589C00CD623B /* icdab_broken_payloadUITests.swift */; };
		39D4796E2149589C00CD623B /* icdab_broken_payload WatchKit App.app in Embed Watch Content */ = {isa = PBXBuildFile; fileRef = 39D4796D2149589C00CD623B /* icdab_broken_payload WatchKit App.app */; };
		39D479742149589C00CD623B /* Interface.storyboard in Resources */ = {isa = PBXBuildFile; fileRef = 39D479722149589C00CD623B /* Interface.storyboard */; };
		39D479762149589D00CD623B /* Assets.xcassets in Resources */ = {isa = PBXBuildFile; fileRef = 39D479752149589D00CD623B /* Assets.xcassets */; };
		39D4797D2149589D00CD623B /* icdab_broken_payload WatchKit Extension.appex in Embed App Extensions */ = {isa = PBXBuildFile; fileRef = 39D4797C2149589D00CD623B /* icdab_broken_payload WatchKit Extension.appex */; settings = {ATTRIBUTES = (RemoveHeadersOnCopy, ); }; };
		39D479822149589D00CD623B /* InterfaceController.swift in Sources */ = {isa = PBXBuildFile; fileRef = 39D479812149589D00CD623B /* InterfaceController.swift */; };
		39D479842149589D00CD623B /* ExtensionDelegate.swift in Sources */ = {isa = PBXBuildFile; fileRef = 39D479832149589D00CD623B /* ExtensionDelegate.swift */; };
		39D479862149589D00CD623B /* NotificationController.swift in Sources */ = {isa = PBXBuildFile; fileRef = 39D479852149589D00CD623B /* NotificationController.swift */; };
		39D479882149589D00CD623B /* Assets.xcassets in Resources */ = {isa = PBXBuildFile; fileRef = 39D479872149589D00CD623B /* Assets.xcassets */; };
/* End PBXBuildFile section */

/* Begin PBXContainerItemProxy section */
		39D4795A2149589C00CD623B /* PBXContainerItemProxy */ = {
			isa = PBXContainerItemProxy;
			containerPortal = 39D4793D2149589C00CD623B /* Project object */;
			proxyType = 1;
			remoteGlobalIDString = 39D479442149589C00CD623B;
			remoteInfo = icdab_broken_payload;
		};
		39D479652149589C00CD623B /* PBXContainerItemProxy */ = {
			isa = PBXContainerItemProxy;
			containerPortal = 39D4793D2149589C00CD623B /* Project object */;
			proxyType = 1;
			remoteGlobalIDString = 39D479442149589C00CD623B;
			remoteInfo = icdab_broken_payload;
		};
		39D4796F2149589C00CD623B /* PBXContainerItemProxy */ = {
			isa = PBXContainerItemProxy;
			containerPortal = 39D4793D2149589C00CD623B /* Project object */;
			proxyType = 1;
			remoteGlobalIDString = 39D4796C2149589C00CD623B;
			remoteInfo = "icdab_broken_payload WatchKit App";
		};
		39D4797E2149589D00CD623B /* PBXContainerItemProxy */ = {
			isa = PBXContainerItemProxy;
			containerPortal = 39D4793D2149589C00CD623B /* Project object */;
			proxyType = 1;
			remoteGlobalIDString = 39D4797B2149589D00CD623B;
			remoteInfo = "icdab_broken_payload WatchKit Extension";
		};
/* End PBXContainerItemProxy section */

/* Begin PBXCopyFilesBuildPhase section */
		39D479902149589E00CD623B /* Embed App Extensions */ = {
			isa = PBXCopyFilesBuildPhase;
			buildActionMask = 2147483647;
			dstPath = "";
			dstSubfolderSpec = 13;
			files = (
				39D4797D2149589D00CD623B /* icdab_broken_payload WatchKit Extension.appex in Embed App Extensions */,
			);
			name = "Embed App Extensions";
			runOnlyForDeploymentPostprocessing = 0;
		};
		39D479942149589E00CD623B /* Embed Watch Content */ = {
			isa = PBXCopyFilesBuildPhase;
			buildActionMask = 2147483647;
			dstPath = "$(CONTENTS_FOLDER_PATH)/Watch";
			dstSubfolderSpec = 16;
			files = (
				39D4796E2149589C00CD623B /* icdab_broken_payload WatchKit App.app in Embed Watch Content */,
			);
			name = "Embed Watch Content";
			runOnlyForDeploymentPostprocessing = 0;
		};
/* End PBXCopyFilesBuildPhase section */

/* Begin PBXFileReference section */
		39D479452149589C00CD623B /* icdab_broken_payload.app */ = {isa = PBXFileReference; explicitFileType = wrapper.application; includeInIndex = 0; path = icdab_broken_payload.app; sourceTree = BUILT_PRODUCTS_DIR; };
		39D479482149589C00CD623B /* AppDelegate.swift */ = {isa = PBXFileReference; lastKnownFileType = sourcecode.swift; path = AppDelegate.swift; sourceTree = "<group>"; };
		39D4794A2149589C00CD623B /* ViewController.swift */ = {isa = PBXFileReference; lastKnownFileType = sourcecode.swift; path = ViewController.swift; sourceTree = "<group>"; };
		39D4794D2149589C00CD623B /* Base */ = {isa = PBXFileReference; lastKnownFileType = file.storyboard; name = Base; path = Base.lproj/Main.storyboard; sourceTree = "<group>"; };
		39D4794F2149589C00CD623B /* Assets.xcassets */ = {isa = PBXFileReference; lastKnownFileType = folder.assetcatalog; path = Assets.xcassets; sourceTree = "<group>"; };
		39D479522149589C00CD623B /* Base */ = {isa = PBXFileReference; lastKnownFileType = file.storyboard; name = Base; path = Base.lproj/LaunchScreen.storyboard; sourceTree = "<group>"; };
		39D479542149589C00CD623B /* Info.plist */ = {isa = PBXFileReference; lastKnownFileType = text.plist.xml; path = Info.plist; sourceTree = "<group>"; };
		39D479592149589C00CD623B /* icdab_broken_payloadTests.xctest */ = {isa = PBXFileReference; explicitFileType = wrapper.cfbundle; includeInIndex = 0; path = icdab_broken_payloadTests.xctest; sourceTree = BUILT_PRODUCTS_DIR; };
		39D4795D2149589C00CD623B /* icdab_broken_payloadTests.swift */ = {isa = PBXFileReference; lastKnownFileType = sourcecode.swift; path = icdab_broken_payloadTests.swift; sourceTree = "<group>"; };
		39D4795F2149589C00CD623B /* Info.plist */ = {isa = PBXFileReference; lastKnownFileType = text.plist.xml; path = Info.plist; sourceTree = "<group>"; };
		39D479642149589C00CD623B /* icdab_broken_payloadUITests.xctest */ = {isa = PBXFileReference; explicitFileType = wrapper.cfbundle; includeInIndex = 0; path = icdab_broken_payloadUITests.xctest; sourceTree = BUILT_PRODUCTS_DIR; };
		39D479682149589C00CD623B /* icdab_broken_payloadUITests.swift */ = {isa = PBXFileReference; lastKnownFileType = sourcecode.swift; path = icdab_broken_payloadUITests.swift; sourceTree = "<group>"; };
		39D4796A2149589C00CD623B /* Info.plist */ = {isa = PBXFileReference; lastKnownFileType = text.plist.xml; path = Info.plist; sourceTree = "<group>"; };
		39D4796D2149589C00CD623B /* icdab_broken_payload WatchKit App.app */ = {isa = PBXFileReference; explicitFileType = wrapper.application; includeInIndex = 0; path = "icdab_broken_payload WatchKit App.app"; sourceTree = BUILT_PRODUCTS_DIR; };
		39D479732149589C00CD623B /* Base */ = {isa = PBXFileReference; lastKnownFileType = file.storyboard; name = Base; path = Base.lproj/Interface.storyboard; sourceTree = "<group>"; };
		39D479752149589D00CD623B /* Assets.xcassets */ = {isa = PBXFileReference; lastKnownFileType = folder.assetcatalog; path = Assets.xcassets; sourceTree = "<group>"; };
		39D479772149589D00CD623B /* Info.plist */ = {isa = PBXFileReference; lastKnownFileType = text.plist.xml; path = Info.plist; sourceTree = "<group>"; };
		39D4797C2149589D00CD623B /* icdab_broken_payload WatchKit Extension.appex */ = {isa = PBXFileReference; explicitFileType = "wrapper.app-extension"; includeInIndex = 0; path = "icdab_broken_payload WatchKit Extension.appex"; sourceTree = BUILT_PRODUCTS_DIR; };
		39D479812149589D00CD623B /* InterfaceController.swift */ = {isa = PBXFileReference; lastKnownFileType = sourcecode.swift; path = InterfaceController.swift; sourceTree = "<group>"; };
		39D479832149589D00CD623B /* ExtensionDelegate.swift */ = {isa = PBXFileReference; lastKnownFileType = sourcecode.swift; path = ExtensionDelegate.swift; sourceTree = "<group>"; };
		39D479852149589D00CD623B /* NotificationController.swift */ = {isa = PBXFileReference; lastKnownFileType = sourcecode.swift; path = NotificationController.swift; sourceTree = "<group>"; };
		39D479872149589D00CD623B /* Assets.xcassets */ = {isa = PBXFileReference; lastKnownFileType = folder.assetcatalog; path = Assets.xcassets; sourceTree = "<group>"; };
		39D479892149589E00CD623B /* Info.plist */ = {isa = PBXFileReference; lastKnownFileType = text.plist.xml; path = Info.plist; sourceTree = "<group>"; };
		39D4798A2149589E00CD623B /* PushNotificationPayload.apns */ = {isa = PBXFileReference; lastKnownFileType = text; path = PushNotificationPayload.apns; sourceTree = "<group>"; };
/* End PBXFileReference section */

/* Begin PBXFrameworksBuildPhase section */
		39D479422149589C00CD623B /* Frameworks */ = {
			isa = PBXFrameworksBuildPhase;
			buildActionMask = 2147483647;
			files = (
			);
			runOnlyForDeploymentPostprocessing = 0;
		};
		39D479562149589C00CD623B /* Frameworks */ = {
			isa = PBXFrameworksBuildPhase;
			buildActionMask = 2147483647;
			files = (
			);
			runOnlyForDeploymentPostprocessing = 0;
		};
		39D479612149589C00CD623B /* Frameworks */ = {
			isa = PBXFrameworksBuildPhase;
			buildActionMask = 2147483647;
			files = (
			);
			runOnlyForDeploymentPostprocessing = 0;
		};
		39D479792149589D00CD623B /* Frameworks */ = {
			isa = PBXFrameworksBuildPhase;
			buildActionMask = 2147483647;
			files = (
			);
			runOnlyForDeploymentPostprocessing = 0;
		};
/* End PBXFrameworksBuildPhase section */

/* Begin PBXGroup section */
		39D4793C2149589C00CD623B = {
			isa = PBXGroup;
			children = (
				39D479472149589C00CD623B /* icdab_broken_payload */,
				39D4795C2149589C00CD623B /* icdab_broken_payloadTests */,
				39D479672149589C00CD623B /* icdab_broken_payloadUITests */,
				39D479712149589C00CD623B /* icdab_broken_payload WatchKit App */,
				39D479802149589D00CD623B /* icdab_broken_payload WatchKit Extension */,
				39D479462149589C00CD623B /* Products */,
			);
			sourceTree = "<group>";
		};
		39D479462149589C00CD623B /* Products */ = {
			isa = PBXGroup;
			children = (
				39D479452149589C00CD623B /* icdab_broken_payload.app */,
				39D479592149589C00CD623B /* icdab_broken_payloadTests.xctest */,
				39D479642149589C00CD623B /* icdab_broken_payloadUITests.xctest */,
				39D4796D2149589C00CD623B /* icdab_broken_payload WatchKit App.app */,
				39D4797C2149589D00CD623B /* icdab_broken_payload WatchKit Extension.appex */,
			);
			name = Products;
			sourceTree = "<group>";
		};
		39D479472149589C00CD623B /* icdab_broken_payload */ = {
			isa = PBXGroup;
			children = (
				39D479482149589C00CD623B /* AppDelegate.swift */,
				39D4794A2149589C00CD623B /* ViewController.swift */,
				39D4794C2149589C00CD623B /* Main.storyboard */,
				39D4794F2149589C00CD623B /* Assets.xcassets */,
				39D479512149589C00CD623B /* LaunchScreen.storyboard */,
				39D479542149589C00CD623B /* Info.plist */,
			);
			path = icdab_broken_payload;
			sourceTree = "<group>";
		};
		39D4795C2149589C00CD623B /* icdab_broken_payloadTests */ = {
			isa = PBXGroup;
			children = (
				39D4795D2149589C00CD623B /* icdab_broken_payloadTests.swift */,
				39D4795F2149589C00CD623B /* Info.plist */,
			);
			path = icdab_broken_payloadTests;
			sourceTree = "<group>";
		};
		39D479672149589C00CD623B /* icdab_broken_payloadUITests */ = {
			isa = PBXGroup;
			children = (
				39D479682149589C00CD623B /* icdab_broken_payloadUITests.swift */,
				39D4796A2149589C00CD623B /* Info.plist */,
			);
			path = icdab_broken_payloadUITests;
			sourceTree = "<group>";
		};
		39D479712149589C00CD623B /* icdab_broken_payload WatchKit App */ = {
			isa = PBXGroup;
			children = (
				39D479722149589C00CD623B /* Interface.storyboard */,
				39D479752149589D00CD623B /* Assets.xcassets */,
				39D479772149589D00CD623B /* Info.plist */,
			);
			path = "icdab_broken_payload WatchKit App";
			sourceTree = "<group>";
		};
		39D479802149589D00CD623B /* icdab_broken_payload WatchKit Extension */ = {
			isa = PBXGroup;
			children = (
				39D479812149589D00CD623B /* InterfaceController.swift */,
				39D479832149589D00CD623B /* ExtensionDelegate.swift */,
				39D479852149589D00CD623B /* NotificationController.swift */,
				39D479872149589D00CD623B /* Assets.xcassets */,
				39D479892149589E00CD623B /* Info.plist */,
				39D4798A2149589E00CD623B /* PushNotificationPayload.apns */,
			);
			path = "icdab_broken_payload WatchKit Extension";
			sourceTree = "<group>";
		};
/* End PBXGroup section */

/* Begin PBXNativeTarget section */
		39D479442149589C00CD623B /* icdab_broken_payload */ = {
			isa = PBXNativeTarget;
			buildConfigurationList = 39D479952149589E00CD623B /* Build configuration list for PBXNativeTarget "icdab_broken_payload" */;
			buildPhases = (
				39D479412149589C00CD623B /* Sources */,
				39D479422149589C00CD623B /* Frameworks */,
				39D479432149589C00CD623B /* Resources */,
				39D479942149589E00CD623B /* Embed Watch Content */,
			);
			buildRules = (
			);
			dependencies = (
				39D479702149589C00CD623B /* PBXTargetDependency */,
			);
			name = icdab_broken_payload;
			productName = icdab_broken_payload;
			productReference = 39D479452149589C00CD623B /* icdab_broken_payload.app */;
			productType = "com.apple.product-type.application";
		};
		39D479582149589C00CD623B /* icdab_broken_payloadTests */ = {
			isa = PBXNativeTarget;
			buildConfigurationList = 39D479982149589E00CD623B /* Build configuration list for PBXNativeTarget "icdab_broken_payloadTests" */;
			buildPhases = (
				39D479552149589C00CD623B /* Sources */,
				39D479562149589C00CD623B /* Frameworks */,
				39D479572149589C00CD623B /* Resources */,
			);
			buildRules = (
			);
			dependencies = (
				39D4795B2149589C00CD623B /* PBXTargetDependency */,
			);
			name = icdab_broken_payloadTests;
			productName = icdab_broken_payloadTests;
			productReference = 39D479592149589C00CD623B /* icdab_broken_payloadTests.xctest */;
			productType = "com.apple.product-type.bundle.unit-test";
		};
		39D479632149589C00CD623B /* icdab_broken_payloadUITests */ = {
			isa = PBXNativeTarget;
			buildConfigurationList = 39D4799B2149589E00CD623B /* Build configuration list for PBXNativeTarget "icdab_broken_payloadUITests" */;
			buildPhases = (
				39D479602149589C00CD623B /* Sources */,
				39D479612149589C00CD623B /* Frameworks */,
				39D479622149589C00CD623B /* Resources */,
			);
			buildRules = (
			);
			dependencies = (
				39D479662149589C00CD623B /* PBXTargetDependency */,
			);
			name = icdab_broken_payloadUITests;
			productName = icdab_broken_payloadUITests;
			productReference = 39D479642149589C00CD623B /* icdab_broken_payloadUITests.xctest */;
			productType = "com.apple.product-type.bundle.ui-testing";
		};
		39D4796C2149589C00CD623B /* icdab_broken_payload WatchKit App */ = {
			isa = PBXNativeTarget;
			buildConfigurationList = 39D479912149589E00CD623B /* Build configuration list for PBXNativeTarget "icdab_broken_payload WatchKit App" */;
			buildPhases = (
				39D4796B2149589C00CD623B /* Resources */,
				39D479902149589E00CD623B /* Embed App Extensions */,
			);
			buildRules = (
			);
			dependencies = (
				39D4797F2149589D00CD623B /* PBXTargetDependency */,
			);
			name = "icdab_broken_payload WatchKit App";
			productName = "icdab_broken_payload WatchKit App";
			productReference = 39D4796D2149589C00CD623B /* icdab_broken_payload WatchKit App.app */;
			productType = "com.apple.product-type.application.watchapp2";
		};
		39D4797B2149589D00CD623B /* icdab_broken_payload WatchKit Extension */ = {
			isa = PBXNativeTarget;
			buildConfigurationList = 39D4798D2149589E00CD623B /* Build configuration list for PBXNativeTarget "icdab_broken_payload WatchKit Extension" */;
			buildPhases = (
				39D479782149589D00CD623B /* Sources */,
				39D479792149589D00CD623B /* Frameworks */,
				39D4797A2149589D00CD623B /* Resources */,
			);
			buildRules = (
			);
			dependencies = (
			);
			name = "icdab_broken_payload WatchKit Extension";
			productName = "icdab_broken_payload WatchKit Extension";
			productReference = 39D4797C2149589D00CD623B /* icdab_broken_payload WatchKit Extension.appex */;
			productType = "com.apple.product-type.watchkit2-extension";
		};
/* End PBXNativeTarget section */

/* Begin PBXProject section */
		39D4793D2149589C00CD623B /* Project object */ = {
			isa = PBXProject;
			attributes = {
				LastSwiftUpdateCheck = 0940;
				LastUpgradeCheck = 0940;
				ORGANIZATIONNAME = "Faisal Memon";
				TargetAttributes = {
					39D479442149589C00CD623B = {
						CreatedOnToolsVersion = 9.4.1;
					};
					39D479582149589C00CD623B = {
						CreatedOnToolsVersion = 9.4.1;
						TestTargetID = 39D479442149589C00CD623B;
					};
					39D479632149589C00CD623B = {
						CreatedOnToolsVersion = 9.4.1;
						TestTargetID = 39D479442149589C00CD623B;
					};
					39D4796C2149589C00CD623B = {
						CreatedOnToolsVersion = 9.4.1;
					};
					39D4797B2149589D00CD623B = {
						CreatedOnToolsVersion = 9.4.1;
					};
				};
			};
			buildConfigurationList = 39D479402149589C00CD623B /* Build configuration list for PBXProject "icdab_broken_payload" */;
			compatibilityVersion = "Xcode 9.3";
			developmentRegion = en;
			hasScannedForEncodings = 0;
			knownRegions = (
				en,
				Base,
			);
			mainGroup = 39D4793C2149589C00CD623B;
			productRefGroup = 39D479462149589C00CD623B /* Products */;
			projectDirPath = "";
			projectRoot = "";
			targets = (
				39D479442149589C00CD623B /* icdab_broken_payload */,
				39D479582149589C00CD623B /* icdab_broken_payloadTests */,
				39D479632149589C00CD623B /* icdab_broken_payloadUITests */,
				39D4796C2149589C00CD623B /* icdab_broken_payload WatchKit App */,
				39D4797B2149589D00CD623B /* icdab_broken_payload WatchKit Extension */,
			);
		};
/* End PBXProject section */

/* Begin PBXResourcesBuildPhase section */
		39D479432149589C00CD623B /* Resources */ = {
			isa = PBXResourcesBuildPhase;
			buildActionMask = 2147483647;
			files = (
				39D479532149589C00CD623B /* LaunchScreen.storyboard in Resources */,
				39D479502149589C00CD623B /* Assets.xcassets in Resources */,
				39D4794E2149589C00CD623B /* Main.storyboard in Resources */,
			);
			runOnlyForDeploymentPostprocessing = 0;
		};
		39D479572149589C00CD623B /* Resources */ = {
			isa = PBXResourcesBuildPhase;
			buildActionMask = 2147483647;
			files = (
			);
			runOnlyForDeploymentPostprocessing = 0;
		};
		39D479622149589C00CD623B /* Resources */ = {
			isa = PBXResourcesBuildPhase;
			buildActionMask = 2147483647;
			files = (
			);
			runOnlyForDeploymentPostprocessing = 0;
		};
		39D4796B2149589C00CD623B /* Resources */ = {
			isa = PBXResourcesBuildPhase;
			buildActionMask = 2147483647;
			files = (
				39D479762149589D00CD623B /* Assets.xcassets in Resources */,
				39D479742149589C00CD623B /* Interface.storyboard in Resources */,
			);
			runOnlyForDeploymentPostprocessing = 0;
		};
		39D4797A2149589D00CD623B /* Resources */ = {
			isa = PBXResourcesBuildPhase;
			buildActionMask = 2147483647;
			files = (
				39D479882149589D00CD623B /* Assets.xcassets in Resources */,
			);
			runOnlyForDeploymentPostprocessing = 0;
		};
/* End PBXResourcesBuildPhase section */

/* Begin PBXSourcesBuildPhase section */
		39D479412149589C00CD623B /* Sources */ = {
			isa = PBXSourcesBuildPhase;
			buildActionMask = 2147483647;
			files = (
				39D4794B2149589C00CD623B /* ViewController.swift in Sources */,
				39D479492149589C00CD623B /* AppDelegate.swift in Sources */,
			);
			runOnlyForDeploymentPostprocessing = 0;
		};
		39D479552149589C00CD623B /* Sources */ = {
			isa = PBXSourcesBuildPhase;
			buildActionMask = 2147483647;
			files = (
				39D4795E2149589C00CD623B /* icdab_broken_payloadTests.swift in Sources */,
			);
			runOnlyForDeploymentPostprocessing = 0;
		};
		39D479602149589C00CD623B /* Sources */ = {
			isa = PBXSourcesBuildPhase;
			buildActionMask = 2147483647;
			files = (
				39D479692149589C00CD623B /* icdab_broken_payloadUITests.swift in Sources */,
			);
			runOnlyForDeploymentPostprocessing = 0;
		};
		39D479782149589D00CD623B /* Sources */ = {
			isa = PBXSourcesBuildPhase;
			buildActionMask = 2147483647;
			files = (
				39D479862149589D00CD623B /* NotificationController.swift in Sources */,
				39D479842149589D00CD623B /* ExtensionDelegate.swift in Sources */,
				39D479822149589D00CD623B /* InterfaceController.swift in Sources */,
			);
			runOnlyForDeploymentPostprocessing = 0;
		};
/* End PBXSourcesBuildPhase section */

/* Begin PBXTargetDependency section */
		39D4795B2149589C00CD623B /* PBXTargetDependency */ = {
			isa = PBXTargetDependency;
			target = 39D479442149589C00CD623B /* icdab_broken_payload */;
			targetProxy = 39D4795A2149589C00CD623B /* PBXContainerItemProxy */;
		};
		39D479662149589C00CD623B /* PBXTargetDependency */ = {
			isa = PBXTargetDependency;
			target = 39D479442149589C00CD623B /* icdab_broken_payload */;
			targetProxy = 39D479652149589C00CD623B /* PBXContainerItemProxy */;
		};
		39D479702149589C00CD623B /* PBXTargetDependency */ = {
			isa = PBXTargetDependency;
			target = 39D4796C2149589C00CD623B /* icdab_broken_payload WatchKit App */;
			targetProxy = 39D4796F2149589C00CD623B /* PBXContainerItemProxy */;
		};
		39D4797F2149589D00CD623B /* PBXTargetDependency */ = {
			isa = PBXTargetDependency;
			target = 39D4797B2149589D00CD623B /* icdab_broken_payload WatchKit Extension */;
			targetProxy = 39D4797E2149589D00CD623B /* PBXContainerItemProxy */;
		};
/* End PBXTargetDependency section */

/* Begin PBXVariantGroup section */
		39D4794C2149589C00CD623B /* Main.storyboard */ = {
			isa = PBXVariantGroup;
			children = (
				39D4794D2149589C00CD623B /* Base */,
			);
			name = Main.storyboard;
			sourceTree = "<group>";
		};
		39D479512149589C00CD623B /* LaunchScreen.storyboard */ = {
			isa = PBXVariantGroup;
			children = (
				39D479522149589C00CD623B /* Base */,
			);
			name = LaunchScreen.storyboard;
			sourceTree = "<group>";
		};
		39D479722149589C00CD623B /* Interface.storyboard */ = {
			isa = PBXVariantGroup;
			children = (
				39D479732149589C00CD623B /* Base */,
			);
			name = Interface.storyboard;
			sourceTree = "<group>";
		};
/* End PBXVariantGroup section */

/* Begin XCBuildConfiguration section */
		39D4798B2149589E00CD623B /* Debug */ = {
			isa = XCBuildConfiguration;
			buildSettings = {
				ALWAYS_SEARCH_USER_PATHS = NO;
				CLANG_ANALYZER_NONNULL = YES;
				CLANG_ANALYZER_NUMBER_OBJECT_CONVERSION = YES_AGGRESSIVE;
				CLANG_CXX_LANGUAGE_STANDARD = "gnu++14";
				CLANG_CXX_LIBRARY = "libc++";
				CLANG_ENABLE_MODULES = YES;
				CLANG_ENABLE_OBJC_ARC = YES;
				CLANG_ENABLE_OBJC_WEAK = YES;
				CLANG_WARN_BLOCK_CAPTURE_AUTORELEASING = YES;
				CLANG_WARN_BOOL_CONVERSION = YES;
				CLANG_WARN_COMMA = YES;
				CLANG_WARN_CONSTANT_CONVERSION = YES;
				CLANG_WARN_DEPRECATED_OBJC_IMPLEMENTATIONS = YES;
				CLANG_WARN_DIRECT_OBJC_ISA_USAGE = YES_ERROR;
				CLANG_WARN_DOCUMENTATION_COMMENTS = YES;
				CLANG_WARN_EMPTY_BODY = YES;
				CLANG_WARN_ENUM_CONVERSION = YES;
				CLANG_WARN_INFINITE_RECURSION = YES;
				CLANG_WARN_INT_CONVERSION = YES;
				CLANG_WARN_NON_LITERAL_NULL_CONVERSION = YES;
				CLANG_WARN_OBJC_IMPLICIT_RETAIN_SELF = YES;
				CLANG_WARN_OBJC_LITERAL_CONVERSION = YES;
				CLANG_WARN_OBJC_ROOT_CLASS = YES_ERROR;
				CLANG_WARN_RANGE_LOOP_ANALYSIS = YES;
				CLANG_WARN_STRICT_PROTOTYPES = YES;
				CLANG_WARN_SUSPICIOUS_MOVE = YES;
				CLANG_WARN_UNGUARDED_AVAILABILITY = YES_AGGRESSIVE;
				CLANG_WARN_UNREACHABLE_CODE = YES;
				CLANG_WARN__DUPLICATE_METHOD_MATCH = YES;
				CODE_SIGN_IDENTITY = "iPhone Developer";
				COPY_PHASE_STRIP = NO;
				DEBUG_INFORMATION_FORMAT = dwarf;
				ENABLE_STRICT_OBJC_MSGSEND = YES;
				ENABLE_TESTABILITY = YES;
				GCC_C_LANGUAGE_STANDARD = gnu11;
				GCC_DYNAMIC_NO_PIC = NO;
				GCC_NO_COMMON_BLOCKS = YES;
				GCC_OPTIMIZATION_LEVEL = 0;
				GCC_PREPROCESSOR_DEFINITIONS = (
					"DEBUG=1",
					"$(inherited)",
				);
				GCC_WARN_64_TO_32_BIT_CONVERSION = YES;
				GCC_WARN_ABOUT_RETURN_TYPE = YES_ERROR;
				GCC_WARN_UNDECLARED_SELECTOR = YES;
				GCC_WARN_UNINITIALIZED_AUTOS = YES_AGGRESSIVE;
				GCC_WARN_UNUSED_FUNCTION = YES;
				GCC_WARN_UNUSED_VARIABLE = YES;
				IPHONEOS_DEPLOYMENT_TARGET = 11.4;
				MTL_ENABLE_DEBUG_INFO = YES;
				ONLY_ACTIVE_ARCH = YES;
				SDKROOT = iphoneos;
				SWIFT_ACTIVE_COMPILATION_CONDITIONS = DEBUG;
				SWIFT_OPTIMIZATION_LEVEL = "-Onone";
			};
			name = Debug;
		};
		39D4798C2149589E00CD623B /* Release */ = {
			isa = XCBuildConfiguration;
			buildSettings = {
				ALWAYS_SEARCH_USER_PATHS = NO;
				CLANG_ANALYZER_NONNULL = YES;
				CLANG_ANALYZER_NUMBER_OBJECT_CONVERSION = YES_AGGRESSIVE;
				CLANG_CXX_LANGUAGE_STANDARD = "gnu++14";
				CLANG_CXX_LIBRARY = "libc++";
				CLANG_ENABLE_MODULES = YES;
				CLANG_ENABLE_OBJC_ARC = YES;
				CLANG_ENABLE_OBJC_WEAK = YES;
				CLANG_WARN_BLOCK_CAPTURE_AUTORELEASING = YES;
				CLANG_WARN_BOOL_CONVERSION = YES;
				CLANG_WARN_COMMA = YES;
				CLANG_WARN_CONSTANT_CONVERSION = YES;
				CLANG_WARN_DEPRECATED_OBJC_IMPLEMENTATIONS = YES;
				CLANG_WARN_DIRECT_OBJC_ISA_USAGE = YES_ERROR;
				CLANG_WARN_DOCUMENTATION_COMMENTS = YES;
				CLANG_WARN_EMPTY_BODY = YES;
				CLANG_WARN_ENUM_CONVERSION = YES;
				CLANG_WARN_INFINITE_RECURSION = YES;
				CLANG_WARN_INT_CONVERSION = YES;
				CLANG_WARN_NON_LITERAL_NULL_CONVERSION = YES;
				CLANG_WARN_OBJC_IMPLICIT_RETAIN_SELF = YES;
				CLANG_WARN_OBJC_LITERAL_CONVERSION = YES;
				CLANG_WARN_OBJC_ROOT_CLASS = YES_ERROR;
				CLANG_WARN_RANGE_LOOP_ANALYSIS = YES;
				CLANG_WARN_STRICT_PROTOTYPES = YES;
				CLANG_WARN_SUSPICIOUS_MOVE = YES;
				CLANG_WARN_UNGUARDED_AVAILABILITY = YES_AGGRESSIVE;
				CLANG_WARN_UNREACHABLE_CODE = YES;
				CLANG_WARN__DUPLICATE_METHOD_MATCH = YES;
				CODE_SIGN_IDENTITY = "iPhone Developer";
				COPY_PHASE_STRIP = NO;
				DEBUG_INFORMATION_FORMAT = "dwarf-with-dsym";
				ENABLE_NS_ASSERTIONS = NO;
				ENABLE_STRICT_OBJC_MSGSEND = YES;
				GCC_C_LANGUAGE_STANDARD = gnu11;
				GCC_NO_COMMON_BLOCKS = YES;
				GCC_WARN_64_TO_32_BIT_CONVERSION = YES;
				GCC_WARN_ABOUT_RETURN_TYPE = YES_ERROR;
				GCC_WARN_UNDECLARED_SELECTOR = YES;
				GCC_WARN_UNINITIALIZED_AUTOS = YES_AGGRESSIVE;
				GCC_WARN_UNUSED_FUNCTION = YES;
				GCC_WARN_UNUSED_VARIABLE = YES;
				IPHONEOS_DEPLOYMENT_TARGET = 11.4;
				MTL_ENABLE_DEBUG_INFO = NO;
				SDKROOT = iphoneos;
				SWIFT_COMPILATION_MODE = wholemodule;
				SWIFT_OPTIMIZATION_LEVEL = "-O";
				VALIDATE_PRODUCT = YES;
			};
			name = Release;
		};
		39D4798E2149589E00CD623B /* Debug */ = {
			isa = XCBuildConfiguration;
			buildSettings = {
				ASSETCATALOG_COMPILER_COMPLICATION_NAME = Complication;
				CODE_SIGN_STYLE = Automatic;
				DEVELOPMENT_TEAM = 5Y3322JWHB;
				INFOPLIST_FILE = "icdab_broken_payload WatchKit Extension/Info.plist";
				LD_RUNPATH_SEARCH_PATHS = (
					"$(inherited)",
					"@executable_path/Frameworks",
					"@executable_path/../../Frameworks",
				);
				PRODUCT_BUNDLE_IDENTIFIER = "com.perivalebluebell.icdab-broken-payload.watchkitapp.watchkitextension";
				PRODUCT_NAME = "${TARGET_NAME}";
				SDKROOT = watchos;
				SKIP_INSTALL = YES;
				SWIFT_VERSION = 4.0;
				TARGETED_DEVICE_FAMILY = 4;
				WATCHOS_DEPLOYMENT_TARGET = 4.3;
			};
			name = Debug;
		};
		39D4798F2149589E00CD623B /* Release */ = {
			isa = XCBuildConfiguration;
			buildSettings = {
				ASSETCATALOG_COMPILER_COMPLICATION_NAME = Complication;
				CODE_SIGN_STYLE = Automatic;
				DEVELOPMENT_TEAM = 5Y3322JWHB;
				INFOPLIST_FILE = "icdab_broken_payload WatchKit Extension/Info.plist";
				LD_RUNPATH_SEARCH_PATHS = (
					"$(inherited)",
					"@executable_path/Frameworks",
					"@executable_path/../../Frameworks",
				);
				PRODUCT_BUNDLE_IDENTIFIER = "com.perivalebluebell.icdab-broken-payload.watchkitapp.watchkitextension";
				PRODUCT_NAME = "${TARGET_NAME}";
				SDKROOT = watchos;
				SKIP_INSTALL = YES;
				SWIFT_VERSION = 4.0;
				TARGETED_DEVICE_FAMILY = 4;
				WATCHOS_DEPLOYMENT_TARGET = 4.3;
			};
			name = Release;
		};
		39D479922149589E00CD623B /* Debug */ = {
			isa = XCBuildConfiguration;
			buildSettings = {
				ALWAYS_EMBED_SWIFT_STANDARD_LIBRARIES = YES;
				ASSETCATALOG_COMPILER_APPICON_NAME = AppIcon;
				CODE_SIGN_STYLE = Automatic;
				DEVELOPMENT_TEAM = 5Y3322JWHB;
				IBSC_MODULE = icdab_broken_payload_WatchKit_Extension;
				INFOPLIST_FILE = "icdab_broken_payload WatchKit App/Info.plist";
				PRODUCT_BUNDLE_IDENTIFIER = "com.perivalebluebell.icdab-broken-payload.watchkitapp";
				PRODUCT_NAME = "$(TARGET_NAME)";
				SDKROOT = watchos;
				SKIP_INSTALL = YES;
				SWIFT_VERSION = 4.0;
				TARGETED_DEVICE_FAMILY = 4;
				WATCHOS_DEPLOYMENT_TARGET = 4.3;
			};
			name = Debug;
		};
		39D479932149589E00CD623B /* Release */ = {
			isa = XCBuildConfiguration;
			buildSettings = {
				ALWAYS_EMBED_SWIFT_STANDARD_LIBRARIES = YES;
				ASSETCATALOG_COMPILER_APPICON_NAME = AppIcon;
				CODE_SIGN_STYLE = Automatic;
				DEVELOPMENT_TEAM = 5Y3322JWHB;
				IBSC_MODULE = icdab_broken_payload_WatchKit_Extension;
				INFOPLIST_FILE = "icdab_broken_payload WatchKit App/Info.plist";
				PRODUCT_BUNDLE_IDENTIFIER = "com.perivalebluebell.icdab-broken-payload.watchkitapp";
				PRODUCT_NAME = "$(TARGET_NAME)";
				SDKROOT = watchos;
				SKIP_INSTALL = YES;
				SWIFT_VERSION = 4.0;
				TARGETED_DEVICE_FAMILY = 4;
				WATCHOS_DEPLOYMENT_TARGET = 4.3;
			};
			name = Release;
		};
		39D479962149589E00CD623B /* Debug */ = {
			isa = XCBuildConfiguration;
			buildSettings = {
				ASSETCATALOG_COMPILER_APPICON_NAME = AppIcon;
				CODE_SIGN_STYLE = Automatic;
				DEVELOPMENT_TEAM = 5Y3322JWHB;
				INFOPLIST_FILE = icdab_broken_payload/Info.plist;
				LD_RUNPATH_SEARCH_PATHS = (
					"$(inherited)",
					"@executable_path/Frameworks",
				);
				PRODUCT_BUNDLE_IDENTIFIER = "com.perivalebluebell.icdab-broken-payload";
				PRODUCT_NAME = "$(TARGET_NAME)";
				SWIFT_VERSION = 4.0;
				TARGETED_DEVICE_FAMILY = "1,2";
			};
			name = Debug;
		};
		39D479972149589E00CD623B /* Release */ = {
			isa = XCBuildConfiguration;
			buildSettings = {
				ASSETCATALOG_COMPILER_APPICON_NAME = AppIcon;
				CODE_SIGN_STYLE = Automatic;
				DEVELOPMENT_TEAM = 5Y3322JWHB;
				INFOPLIST_FILE = icdab_broken_payload/Info.plist;
				LD_RUNPATH_SEARCH_PATHS = (
					"$(inherited)",
					"@executable_path/Frameworks",
				);
				PRODUCT_BUNDLE_IDENTIFIER = "com.perivalebluebell.icdab-broken-payload";
				PRODUCT_NAME = "$(TARGET_NAME)";
				SWIFT_VERSION = 4.0;
				TARGETED_DEVICE_FAMILY = "1,2";
			};
			name = Release;
		};
		39D479992149589E00CD623B /* Debug */ = {
			isa = XCBuildConfiguration;
			buildSettings = {
				ALWAYS_EMBED_SWIFT_STANDARD_LIBRARIES = YES;
				BUNDLE_LOADER = "$(TEST_HOST)";
				CODE_SIGN_STYLE = Automatic;
				DEVELOPMENT_TEAM = 5Y3322JWHB;
				INFOPLIST_FILE = icdab_broken_payloadTests/Info.plist;
				LD_RUNPATH_SEARCH_PATHS = (
					"$(inherited)",
					"@executable_path/Frameworks",
					"@loader_path/Frameworks",
				);
				PRODUCT_BUNDLE_IDENTIFIER = "com.perivalebluebell.icdab-broken-payloadTests";
				PRODUCT_NAME = "$(TARGET_NAME)";
				SWIFT_VERSION = 4.0;
				TARGETED_DEVICE_FAMILY = "1,2";
				TEST_HOST = "$(BUILT_PRODUCTS_DIR)/icdab_broken_payload.app/icdab_broken_payload";
			};
			name = Debug;
		};
		39D4799A2149589E00CD623B /* Release */ = {
			isa = XCBuildConfiguration;
			buildSettings = {
				ALWAYS_EMBED_SWIFT_STANDARD_LIBRARIES = YES;
				BUNDLE_LOADER = "$(TEST_HOST)";
				CODE_SIGN_STYLE = Automatic;
				DEVELOPMENT_TEAM = 5Y3322JWHB;
				INFOPLIST_FILE = icdab_broken_payloadTests/Info.plist;
				LD_RUNPATH_SEARCH_PATHS = (
					"$(inherited)",
					"@executable_path/Frameworks",
					"@loader_path/Frameworks",
				);
				PRODUCT_BUNDLE_IDENTIFIER = "com.perivalebluebell.icdab-broken-payloadTests";
				PRODUCT_NAME = "$(TARGET_NAME)";
				SWIFT_VERSION = 4.0;
				TARGETED_DEVICE_FAMILY = "1,2";
				TEST_HOST = "$(BUILT_PRODUCTS_DIR)/icdab_broken_payload.app/icdab_broken_payload";
			};
			name = Release;
		};
		39D4799C2149589E00CD623B /* Debug */ = {
			isa = XCBuildConfiguration;
			buildSettings = {
				ALWAYS_EMBED_SWIFT_STANDARD_LIBRARIES = YES;
				CODE_SIGN_STYLE = Automatic;
				DEVELOPMENT_TEAM = 5Y3322JWHB;
				INFOPLIST_FILE = icdab_broken_payloadUITests/Info.plist;
				LD_RUNPATH_SEARCH_PATHS = (
					"$(inherited)",
					"@executable_path/Frameworks",
					"@loader_path/Frameworks",
				);
				PRODUCT_BUNDLE_IDENTIFIER = "com.perivalebluebell.icdab-broken-payloadUITests";
				PRODUCT_NAME = "$(TARGET_NAME)";
				SWIFT_VERSION = 4.0;
				TARGETED_DEVICE_FAMILY = "1,2";
				TEST_TARGET_NAME = icdab_broken_payload;
			};
			name = Debug;
		};
		39D4799D2149589E00CD623B /* Release */ = {
			isa = XCBuildConfiguration;
			buildSettings = {
				ALWAYS_EMBED_SWIFT_STANDARD_LIBRARIES = YES;
				CODE_SIGN_STYLE = Automatic;
				DEVELOPMENT_TEAM = 5Y3322JWHB;
				INFOPLIST_FILE = icdab_broken_payloadUITests/Info.plist;
				LD_RUNPATH_SEARCH_PATHS = (
					"$(inherited)",
					"@executable_path/Frameworks",
					"@loader_path/Frameworks",
				);
				PRODUCT_BUNDLE_IDENTIFIER = "com.perivalebluebell.icdab-broken-payloadUITests";
				PRODUCT_NAME = "$(TARGET_NAME)";
				SWIFT_VERSION = 4.0;
				TARGETED_DEVICE_FAMILY = "1,2";
				TEST_TARGET_NAME = icdab_broken_payload;
			};
			name = Release;
		};
/* End XCBuildConfiguration section */

/* Begin XCConfigurationList section */
		39D479402149589C00CD623B /* Build configuration list for PBXProject "icdab_broken_payload" */ = {
			isa = XCConfigurationList;
			buildConfigurations = (
				39D4798B2149589E00CD623B /* Debug */,
				39D4798C2149589E00CD623B /* Release */,
			);
			defaultConfigurationIsVisible = 0;
			defaultConfigurationName = Release;
		};
		39D4798D2149589E00CD623B /* Build configuration list for PBXNativeTarget "icdab_broken_payload WatchKit Extension" */ = {
			isa = XCConfigurationList;
			buildConfigurations = (
				39D4798E2149589E00CD623B /* Debug */,
				39D4798F2149589E00CD623B /* Release */,
			);
			defaultConfigurationIsVisible = 0;
			defaultConfigurationName = Release;
		};
		39D479912149589E00CD623B /* Build configuration list for PBXNativeTarget "icdab_broken_payload WatchKit App" */ = {
			isa = XCConfigurationList;
			buildConfigurations = (
				39D479922149589E00CD623B /* Debug */,
				39D479932149589E00CD623B /* Release */,
			);
			defaultConfigurationIsVisible = 0;
			defaultConfigurationName = Release;
		};
		39D479952149589E00CD623B /* Build configuration list for PBXNativeTarget "icdab_broken_payload" */ = {
			isa = XCConfigurationList;
			buildConfigurations = (
				39D479962149589E00CD623B /* Debug */,
				39D479972149589E00CD623B /* Release */,
			);
			defaultConfigurationIsVisible = 0;
			defaultConfigurationName = Release;
		};
		39D479982149589E00CD623B /* Build configuration list for PBXNativeTarget "icdab_broken_payloadTests" */ = {
			isa = XCConfigurationList;
			buildConfigurations = (
				39D479992149589E00CD623B /* Debug */,
				39D4799A2149589E00CD623B /* Release */,
			);
			defaultConfigurationIsVisible = 0;
			defaultConfigurationName = Release;
		};
		39D4799B2149589E00CD623B /* Build configuration list for PBXNativeTarget "icdab_broken_payloadUITests" */ = {
			isa = XCConfigurationList;
			buildConfigurations = (
				39D4799C2149589E00CD623B /* Debug */,
				39D4799D2149589E00CD623B /* Release */,
			);
			defaultConfigurationIsVisible = 0;
			defaultConfigurationName = Release;
		};
/* End XCConfigurationList section */
	};
	rootObject = 39D4793D2149589C00CD623B /* Project object */;
}
