// !$*UTF8*$!
{
	archiveVersion = 1;
	classes = {
	};
	objectVersion = 50;
	objects = {

/* Begin PBXBuildFile section */
		39D1577421450A430010E29E /* AppDelegate.swift in Sources */ = {isa = PBXBuildFile; fileRef = 39D1577321450A430010E29E /* AppDelegate.swift */; };
		39D1577621450A430010E29E /* ViewController.swift in Sources */ = {isa = PBXBuildFile; fileRef = 39D1577521450A430010E29E /* ViewController.swift */; };
		39D1577921450A430010E29E /* Main.storyboard in Resources */ = {isa = PBXBuildFile; fileRef = 39D1577721450A430010E29E /* Main.storyboard */; };
		39D1577B21450A450010E29E /* Assets.xcassets in Resources */ = {isa = PBXBuildFile; fileRef = 39D1577A21450A450010E29E /* Assets.xcassets */; };
		39D1578621450A450010E29E /* icdab_edgeTests.swift in Sources */ = {isa = PBXBuildFile; fileRef = 39D1578521450A450010E29E /* icdab_edgeTests.swift */; };
		39D1579121450A450010E29E /* icdab_edgeUITests.swift in Sources */ = {isa = PBXBuildFile; fileRef = 39D1579021450A450010E29E /* icdab_edgeUITests.swift */; };
		39D157A021450B2C0010E29E /* CrashReporter.framework in Frameworks */ = {isa = PBXBuildFile; fileRef = 39D1579F21450B2C0010E29E /* CrashReporter.framework */; };
/* End PBXBuildFile section */

/* Begin PBXContainerItemProxy section */
		39D1578221450A450010E29E /* PBXContainerItemProxy */ = {
			isa = PBXContainerItemProxy;
			containerPortal = 39D1576821450A430010E29E /* Project object */;
			proxyType = 1;
			remoteGlobalIDString = 39D1576F21450A430010E29E;
			remoteInfo = icdab_edge;
		};
		39D1578D21450A450010E29E /* PBXContainerItemProxy */ = {
			isa = PBXContainerItemProxy;
			containerPortal = 39D1576821450A430010E29E /* Project object */;
			proxyType = 1;
			remoteGlobalIDString = 39D1576F21450A430010E29E;
			remoteInfo = icdab_edge;
		};
/* End PBXContainerItemProxy section */

/* Begin PBXFileReference section */
		39D1577021450A430010E29E /* icdab_edge.app */ = {isa = PBXFileReference; explicitFileType = wrapper.application; includeInIndex = 0; path = icdab_edge.app; sourceTree = BUILT_PRODUCTS_DIR; };
		39D1577321450A430010E29E /* AppDelegate.swift */ = {isa = PBXFileReference; lastKnownFileType = sourcecode.swift; path = AppDelegate.swift; sourceTree = "<group>"; };
		39D1577521450A430010E29E /* ViewController.swift */ = {isa = PBXFileReference; lastKnownFileType = sourcecode.swift; path = ViewController.swift; sourceTree = "<group>"; };
		39D1577821450A430010E29E /* Base */ = {isa = PBXFileReference; lastKnownFileType = file.storyboard; name = Base; path = Base.lproj/Main.storyboard; sourceTree = "<group>"; };
		39D1577A21450A450010E29E /* Assets.xcassets */ = {isa = PBXFileReference; lastKnownFileType = folder.assetcatalog; path = Assets.xcassets; sourceTree = "<group>"; };
		39D1577C21450A450010E29E /* Info.plist */ = {isa = PBXFileReference; lastKnownFileType = text.plist.xml; path = Info.plist; sourceTree = "<group>"; };
		39D1578121450A450010E29E /* icdab_edgeTests.xctest */ = {isa = PBXFileReference; explicitFileType = wrapper.cfbundle; includeInIndex = 0; path = icdab_edgeTests.xctest; sourceTree = BUILT_PRODUCTS_DIR; };
		39D1578521450A450010E29E /* icdab_edgeTests.swift */ = {isa = PBXFileReference; lastKnownFileType = sourcecode.swift; path = icdab_edgeTests.swift; sourceTree = "<group>"; };
		39D1578721450A450010E29E /* Info.plist */ = {isa = PBXFileReference; lastKnownFileType = text.plist.xml; path = Info.plist; sourceTree = "<group>"; };
		39D1578C21450A450010E29E /* icdab_edgeUITests.xctest */ = {isa = PBXFileReference; explicitFileType = wrapper.cfbundle; includeInIndex = 0; path = icdab_edgeUITests.xctest; sourceTree = BUILT_PRODUCTS_DIR; };
		39D1579021450A450010E29E /* icdab_edgeUITests.swift */ = {isa = PBXFileReference; lastKnownFileType = sourcecode.swift; path = icdab_edgeUITests.swift; sourceTree = "<group>"; };
		39D1579221450A450010E29E /* Info.plist */ = {isa = PBXFileReference; lastKnownFileType = text.plist.xml; path = Info.plist; sourceTree = "<group>"; };
		39D1579F21450B2C0010E29E /* CrashReporter.framework */ = {isa = PBXFileReference; lastKnownFileType = wrapper.framework; path = CrashReporter.framework; sourceTree = "<group>"; };
		39D157A321450D220010E29E /* icdab_edge-Bridging-Header.h */ = {isa = PBXFileReference; lastKnownFileType = sourcecode.c.h; path = "icdab_edge-Bridging-Header.h"; sourceTree = "<group>"; };
/* End PBXFileReference section */

/* Begin PBXFrameworksBuildPhase section */
		39D1576D21450A430010E29E /* Frameworks */ = {
			isa = PBXFrameworksBuildPhase;
			buildActionMask = 2147483647;
			files = (
				39D157A021450B2C0010E29E /* CrashReporter.framework in Frameworks */,
			);
			runOnlyForDeploymentPostprocessing = 0;
		};
		39D1577E21450A450010E29E /* Frameworks */ = {
			isa = PBXFrameworksBuildPhase;
			buildActionMask = 2147483647;
			files = (
			);
			runOnlyForDeploymentPostprocessing = 0;
		};
		39D1578921450A450010E29E /* Frameworks */ = {
			isa = PBXFrameworksBuildPhase;
			buildActionMask = 2147483647;
			files = (
			);
			runOnlyForDeploymentPostprocessing = 0;
		};
/* End PBXFrameworksBuildPhase section */

/* Begin PBXGroup section */
		39D1576721450A430010E29E = {
			isa = PBXGroup;
			children = (
				39D1577221450A430010E29E /* icdab_edge */,
				39D1578421450A450010E29E /* icdab_edgeTests */,
				39D1578F21450A450010E29E /* icdab_edgeUITests */,
				39D1577121450A430010E29E /* Products */,
			);
			sourceTree = "<group>";
		};
		39D1577121450A430010E29E /* Products */ = {
			isa = PBXGroup;
			children = (
				39D1577021450A430010E29E /* icdab_edge.app */,
				39D1578121450A450010E29E /* icdab_edgeTests.xctest */,
				39D1578C21450A450010E29E /* icdab_edgeUITests.xctest */,
			);
			name = Products;
			sourceTree = "<group>";
		};
		39D1577221450A430010E29E /* icdab_edge */ = {
			isa = PBXGroup;
			children = (
				39D1579E21450B100010E29E /* Libraries */,
				39D1577321450A430010E29E /* AppDelegate.swift */,
				39D1577521450A430010E29E /* ViewController.swift */,
				39D1577721450A430010E29E /* Main.storyboard */,
				39D1577A21450A450010E29E /* Assets.xcassets */,
				39D1577C21450A450010E29E /* Info.plist */,
				39D157A321450D220010E29E /* icdab_edge-Bridging-Header.h */,
			);
			path = icdab_edge;
			sourceTree = "<group>";
		};
		39D1578421450A450010E29E /* icdab_edgeTests */ = {
			isa = PBXGroup;
			children = (
				39D1578521450A450010E29E /* icdab_edgeTests.swift */,
				39D1578721450A450010E29E /* Info.plist */,
			);
			path = icdab_edgeTests;
			sourceTree = "<group>";
		};
		39D1578F21450A450010E29E /* icdab_edgeUITests */ = {
			isa = PBXGroup;
			children = (
				39D1579021450A450010E29E /* icdab_edgeUITests.swift */,
				39D1579221450A450010E29E /* Info.plist */,
			);
			path = icdab_edgeUITests;
			sourceTree = "<group>";
		};
		39D1579E21450B100010E29E /* Libraries */ = {
			isa = PBXGroup;
			children = (
				39D1579F21450B2C0010E29E /* CrashReporter.framework */,
			);
			path = Libraries;
			sourceTree = "<group>";
		};
/* End PBXGroup section */

/* Begin PBXNativeTarget section */
		39D1576F21450A430010E29E /* icdab_edge */ = {
			isa = PBXNativeTarget;
			buildConfigurationList = 39D1579521450A450010E29E /* Build configuration list for PBXNativeTarget "icdab_edge" */;
			buildPhases = (
				39D1576C21450A430010E29E /* Sources */,
				39D1576D21450A430010E29E /* Frameworks */,
				39D1576E21450A430010E29E /* Resources */,
			);
			buildRules = (
			);
			dependencies = (
			);
			name = icdab_edge;
			productName = icdab_edge;
			productReference = 39D1577021450A430010E29E /* icdab_edge.app */;
			productType = "com.apple.product-type.application";
		};
		39D1578021450A450010E29E /* icdab_edgeTests */ = {
			isa = PBXNativeTarget;
			buildConfigurationList = 39D1579821450A450010E29E /* Build configuration list for PBXNativeTarget "icdab_edgeTests" */;
			buildPhases = (
				39D1577D21450A450010E29E /* Sources */,
				39D1577E21450A450010E29E /* Frameworks */,
				39D1577F21450A450010E29E /* Resources */,
			);
			buildRules = (
			);
			dependencies = (
				39D1578321450A450010E29E /* PBXTargetDependency */,
			);
			name = icdab_edgeTests;
			productName = icdab_edgeTests;
			productReference = 39D1578121450A450010E29E /* icdab_edgeTests.xctest */;
			productType = "com.apple.product-type.bundle.unit-test";
		};
		39D1578B21450A450010E29E /* icdab_edgeUITests */ = {
			isa = PBXNativeTarget;
			buildConfigurationList = 39D1579B21450A450010E29E /* Build configuration list for PBXNativeTarget "icdab_edgeUITests" */;
			buildPhases = (
				39D1578821450A450010E29E /* Sources */,
				39D1578921450A450010E29E /* Frameworks */,
				39D1578A21450A450010E29E /* Resources */,
			);
			buildRules = (
			);
			dependencies = (
				39D1578E21450A450010E29E /* PBXTargetDependency */,
			);
			name = icdab_edgeUITests;
			productName = icdab_edgeUITests;
			productReference = 39D1578C21450A450010E29E /* icdab_edgeUITests.xctest */;
			productType = "com.apple.product-type.bundle.ui-testing";
		};
/* End PBXNativeTarget section */

/* Begin PBXProject section */
		39D1576821450A430010E29E /* Project object */ = {
			isa = PBXProject;
			attributes = {
				LastSwiftUpdateCheck = 0940;
				LastUpgradeCheck = 0940;
				ORGANIZATIONNAME = "Faisal Memon";
				TargetAttributes = {
					39D1576F21450A430010E29E = {
						CreatedOnToolsVersion = 9.4.1;
						LastSwiftMigration = 0940;
					};
					39D1578021450A450010E29E = {
						CreatedOnToolsVersion = 9.4.1;
						TestTargetID = 39D1576F21450A430010E29E;
					};
					39D1578B21450A450010E29E = {
						CreatedOnToolsVersion = 9.4.1;
						TestTargetID = 39D1576F21450A430010E29E;
					};
				};
			};
			buildConfigurationList = 39D1576B21450A430010E29E /* Build configuration list for PBXProject "icdab_edge" */;
			compatibilityVersion = "Xcode 9.3";
			developmentRegion = en;
			hasScannedForEncodings = 0;
			knownRegions = (
				en,
				Base,
			);
			mainGroup = 39D1576721450A430010E29E;
			productRefGroup = 39D1577121450A430010E29E /* Products */;
			projectDirPath = "";
			projectRoot = "";
			targets = (
				39D1576F21450A430010E29E /* icdab_edge */,
				39D1578021450A450010E29E /* icdab_edgeTests */,
				39D1578B21450A450010E29E /* icdab_edgeUITests */,
			);
		};
/* End PBXProject section */

/* Begin PBXResourcesBuildPhase section */
		39D1576E21450A430010E29E /* Resources */ = {
			isa = PBXResourcesBuildPhase;
			buildActionMask = 2147483647;
			files = (
				39D1577B21450A450010E29E /* Assets.xcassets in Resources */,
				39D1577921450A430010E29E /* Main.storyboard in Resources */,
			);
			runOnlyForDeploymentPostprocessing = 0;
		};
		39D1577F21450A450010E29E /* Resources */ = {
			isa = PBXResourcesBuildPhase;
			buildActionMask = 2147483647;
			files = (
			);
			runOnlyForDeploymentPostprocessing = 0;
		};
		39D1578A21450A450010E29E /* Resources */ = {
			isa = PBXResourcesBuildPhase;
			buildActionMask = 2147483647;
			files = (
			);
			runOnlyForDeploymentPostprocessing = 0;
		};
/* End PBXResourcesBuildPhase section */

/* Begin PBXSourcesBuildPhase section */
		39D1576C21450A430010E29E /* Sources */ = {
			isa = PBXSourcesBuildPhase;
			buildActionMask = 2147483647;
			files = (
				39D1577621450A430010E29E /* ViewController.swift in Sources */,
				39D1577421450A430010E29E /* AppDelegate.swift in Sources */,
			);
			runOnlyForDeploymentPostprocessing = 0;
		};
		39D1577D21450A450010E29E /* Sources */ = {
			isa = PBXSourcesBuildPhase;
			buildActionMask = 2147483647;
			files = (
				39D1578621450A450010E29E /* icdab_edgeTests.swift in Sources */,
			);
			runOnlyForDeploymentPostprocessing = 0;
		};
		39D1578821450A450010E29E /* Sources */ = {
			isa = PBXSourcesBuildPhase;
			buildActionMask = 2147483647;
			files = (
				39D1579121450A450010E29E /* icdab_edgeUITests.swift in Sources */,
			);
			runOnlyForDeploymentPostprocessing = 0;
		};
/* End PBXSourcesBuildPhase section */

/* Begin PBXTargetDependency section */
		39D1578321450A450010E29E /* PBXTargetDependency */ = {
			isa = PBXTargetDependency;
			target = 39D1576F21450A430010E29E /* icdab_edge */;
			targetProxy = 39D1578221450A450010E29E /* PBXContainerItemProxy */;
		};
		39D1578E21450A450010E29E /* PBXTargetDependency */ = {
			isa = PBXTargetDependency;
			target = 39D1576F21450A430010E29E /* icdab_edge */;
			targetProxy = 39D1578D21450A450010E29E /* PBXContainerItemProxy */;
		};
/* End PBXTargetDependency section */

/* Begin PBXVariantGroup section */
		39D1577721450A430010E29E /* Main.storyboard */ = {
			isa = PBXVariantGroup;
			children = (
				39D1577821450A430010E29E /* Base */,
			);
			name = Main.storyboard;
			sourceTree = "<group>";
		};
/* End PBXVariantGroup section */

/* Begin XCBuildConfiguration section */
		39D1579321450A450010E29E /* Debug */ = {
			isa = XCBuildConfiguration;
			buildSettings = {
				ALWAYS_SEARCH_USER_PATHS = NO;
				CLANG_ANALYZER_NONNULL = YES;
				CLANG_ANALYZER_NUMBER_OBJECT_CONVERSION = YES_AGGRESSIVE;
				CLANG_CXX_LANGUAGE_STANDARD = "gnu++14";
				CLANG_CXX_LIBRARY = "libc++";
				CLANG_ENABLE_MODULES = YES;
				CLANG_ENABLE_OBJC_ARC = YES;
				CLANG_ENABLE_OBJC_WEAK = YES;
				CLANG_WARN_BLOCK_CAPTURE_AUTORELEASING = YES;
				CLANG_WARN_BOOL_CONVERSION = YES;
				CLANG_WARN_COMMA = YES;
				CLANG_WARN_CONSTANT_CONVERSION = YES;
				CLANG_WARN_DEPRECATED_OBJC_IMPLEMENTATIONS = YES;
				CLANG_WARN_DIRECT_OBJC_ISA_USAGE = YES_ERROR;
				CLANG_WARN_DOCUMENTATION_COMMENTS = YES;
				CLANG_WARN_EMPTY_BODY = YES;
				CLANG_WARN_ENUM_CONVERSION = YES;
				CLANG_WARN_INFINITE_RECURSION = YES;
				CLANG_WARN_INT_CONVERSION = YES;
				CLANG_WARN_NON_LITERAL_NULL_CONVERSION = YES;
				CLANG_WARN_OBJC_IMPLICIT_RETAIN_SELF = YES;
				CLANG_WARN_OBJC_LITERAL_CONVERSION = YES;
				CLANG_WARN_OBJC_ROOT_CLASS = YES_ERROR;
				CLANG_WARN_RANGE_LOOP_ANALYSIS = YES;
				CLANG_WARN_STRICT_PROTOTYPES = YES;
				CLANG_WARN_SUSPICIOUS_MOVE = YES;
				CLANG_WARN_UNGUARDED_AVAILABILITY = YES_AGGRESSIVE;
				CLANG_WARN_UNREACHABLE_CODE = YES;
				CLANG_WARN__DUPLICATE_METHOD_MATCH = YES;
				COPY_PHASE_STRIP = NO;
				DEBUG_INFORMATION_FORMAT = dwarf;
				ENABLE_STRICT_OBJC_MSGSEND = YES;
				ENABLE_TESTABILITY = YES;
				GCC_C_LANGUAGE_STANDARD = gnu11;
				GCC_DYNAMIC_NO_PIC = NO;
				GCC_NO_COMMON_BLOCKS = YES;
				GCC_OPTIMIZATION_LEVEL = 0;
				GCC_PREPROCESSOR_DEFINITIONS = (
					"DEBUG=1",
					"$(inherited)",
				);
				GCC_WARN_64_TO_32_BIT_CONVERSION = YES;
				GCC_WARN_ABOUT_RETURN_TYPE = YES_ERROR;
				GCC_WARN_UNDECLARED_SELECTOR = YES;
				GCC_WARN_UNINITIALIZED_AUTOS = YES_AGGRESSIVE;
				GCC_WARN_UNUSED_FUNCTION = YES;
				GCC_WARN_UNUSED_VARIABLE = YES;
				MTL_ENABLE_DEBUG_INFO = YES;
				ONLY_ACTIVE_ARCH = YES;
				SDKROOT = appletvos;
				SWIFT_ACTIVE_COMPILATION_CONDITIONS = DEBUG;
				SWIFT_OPTIMIZATION_LEVEL = "-Onone";
				TVOS_DEPLOYMENT_TARGET = 11.4;
			};
			name = Debug;
		};
		39D1579421450A450010E29E /* Release */ = {
			isa = XCBuildConfiguration;
			buildSettings = {
				ALWAYS_SEARCH_USER_PATHS = NO;
				CLANG_ANALYZER_NONNULL = YES;
				CLANG_ANALYZER_NUMBER_OBJECT_CONVERSION = YES_AGGRESSIVE;
				CLANG_CXX_LANGUAGE_STANDARD = "gnu++14";
				CLANG_CXX_LIBRARY = "libc++";
				CLANG_ENABLE_MODULES = YES;
				CLANG_ENABLE_OBJC_ARC = YES;
				CLANG_ENABLE_OBJC_WEAK = YES;
				CLANG_WARN_BLOCK_CAPTURE_AUTORELEASING = YES;
				CLANG_WARN_BOOL_CONVERSION = YES;
				CLANG_WARN_COMMA = YES;
				CLANG_WARN_CONSTANT_CONVERSION = YES;
				CLANG_WARN_DEPRECATED_OBJC_IMPLEMENTATIONS = YES;
				CLANG_WARN_DIRECT_OBJC_ISA_USAGE = YES_ERROR;
				CLANG_WARN_DOCUMENTATION_COMMENTS = YES;
				CLANG_WARN_EMPTY_BODY = YES;
				CLANG_WARN_ENUM_CONVERSION = YES;
				CLANG_WARN_INFINITE_RECURSION = YES;
				CLANG_WARN_INT_CONVERSION = YES;
				CLANG_WARN_NON_LITERAL_NULL_CONVERSION = YES;
				CLANG_WARN_OBJC_IMPLICIT_RETAIN_SELF = YES;
				CLANG_WARN_OBJC_LITERAL_CONVERSION = YES;
				CLANG_WARN_OBJC_ROOT_CLASS = YES_ERROR;
				CLANG_WARN_RANGE_LOOP_ANALYSIS = YES;
				CLANG_WARN_STRICT_PROTOTYPES = YES;
				CLANG_WARN_SUSPICIOUS_MOVE = YES;
				CLANG_WARN_UNGUARDED_AVAILABILITY = YES_AGGRESSIVE;
				CLANG_WARN_UNREACHABLE_CODE = YES;
				CLANG_WARN__DUPLICATE_METHOD_MATCH = YES;
				COPY_PHASE_STRIP = NO;
				DEBUG_INFORMATION_FORMAT = "dwarf-with-dsym";
				ENABLE_NS_ASSERTIONS = NO;
				ENABLE_STRICT_OBJC_MSGSEND = YES;
				GCC_C_LANGUAGE_STANDARD = gnu11;
				GCC_NO_COMMON_BLOCKS = YES;
				GCC_WARN_64_TO_32_BIT_CONVERSION = YES;
				GCC_WARN_ABOUT_RETURN_TYPE = YES_ERROR;
				GCC_WARN_UNDECLARED_SELECTOR = YES;
				GCC_WARN_UNINITIALIZED_AUTOS = YES_AGGRESSIVE;
				GCC_WARN_UNUSED_FUNCTION = YES;
				GCC_WARN_UNUSED_VARIABLE = YES;
				MTL_ENABLE_DEBUG_INFO = NO;
				SDKROOT = appletvos;
				SWIFT_COMPILATION_MODE = wholemodule;
				SWIFT_OPTIMIZATION_LEVEL = "-O";
				TVOS_DEPLOYMENT_TARGET = 11.4;
				VALIDATE_PRODUCT = YES;
			};
			name = Release;
		};
		39D1579621450A450010E29E /* Debug */ = {
			isa = XCBuildConfiguration;
			buildSettings = {
				ASSETCATALOG_COMPILER_APPICON_NAME = "App Icon & Top Shelf Image";
				ASSETCATALOG_COMPILER_LAUNCHIMAGE_NAME = LaunchImage;
				CLANG_ENABLE_MODULES = YES;
				CODE_SIGN_STYLE = Automatic;
				DEVELOPMENT_TEAM = 5Y3322JWHB;
				FRAMEWORK_SEARCH_PATHS = (
					"$(inherited)",
					"$(PROJECT_DIR)/icdab_edge/Libraries",
				);
				INFOPLIST_FILE = icdab_edge/Info.plist;
				LD_RUNPATH_SEARCH_PATHS = (
					"$(inherited)",
					"@executable_path/Frameworks",
				);
				PRODUCT_BUNDLE_IDENTIFIER = "com.perivalebluebell.icdab-edge";
				PRODUCT_NAME = "$(TARGET_NAME)";
				SWIFT_OBJC_BRIDGING_HEADER = "icdab_edge/icdab_edge-Bridging-Header.h";
				SWIFT_OPTIMIZATION_LEVEL = "-Onone";
				SWIFT_VERSION = 4.0;
				TARGETED_DEVICE_FAMILY = 3;
			};
			name = Debug;
		};
		39D1579721450A450010E29E /* Release */ = {
			isa = XCBuildConfiguration;
			buildSettings = {
				ASSETCATALOG_COMPILER_APPICON_NAME = "App Icon & Top Shelf Image";
				ASSETCATALOG_COMPILER_LAUNCHIMAGE_NAME = LaunchImage;
				CLANG_ENABLE_MODULES = YES;
				CODE_SIGN_STYLE = Automatic;
				DEVELOPMENT_TEAM = 5Y3322JWHB;
				FRAMEWORK_SEARCH_PATHS = (
					"$(inherited)",
					"$(PROJECT_DIR)/icdab_edge/Libraries",
				);
				INFOPLIST_FILE = icdab_edge/Info.plist;
				LD_RUNPATH_SEARCH_PATHS = (
					"$(inherited)",
					"@executable_path/Frameworks",
				);
				PRODUCT_BUNDLE_IDENTIFIER = "com.perivalebluebell.icdab-edge";
				PRODUCT_NAME = "$(TARGET_NAME)";
				SWIFT_OBJC_BRIDGING_HEADER = "icdab_edge/icdab_edge-Bridging-Header.h";
				SWIFT_VERSION = 4.0;
				TARGETED_DEVICE_FAMILY = 3;
			};
			name = Release;
		};
		39D1579921450A450010E29E /* Debug */ = {
			isa = XCBuildConfiguration;
			buildSettings = {
				ALWAYS_EMBED_SWIFT_STANDARD_LIBRARIES = YES;
				BUNDLE_LOADER = "$(TEST_HOST)";
				CODE_SIGN_STYLE = Automatic;
				DEVELOPMENT_TEAM = 5Y3322JWHB;
				INFOPLIST_FILE = icdab_edgeTests/Info.plist;
				LD_RUNPATH_SEARCH_PATHS = (
					"$(inherited)",
					"@executable_path/Frameworks",
					"@loader_path/Frameworks",
				);
				PRODUCT_BUNDLE_IDENTIFIER = "com.perivalebluebell.icdab-edgeTests";
				PRODUCT_NAME = "$(TARGET_NAME)";
				SWIFT_VERSION = 4.0;
				TARGETED_DEVICE_FAMILY = 3;
				TEST_HOST = "$(BUILT_PRODUCTS_DIR)/icdab_edge.app/icdab_edge";
			};
			name = Debug;
		};
		39D1579A21450A450010E29E /* Release */ = {
			isa = XCBuildConfiguration;
			buildSettings = {
				ALWAYS_EMBED_SWIFT_STANDARD_LIBRARIES = YES;
				BUNDLE_LOADER = "$(TEST_HOST)";
				CODE_SIGN_STYLE = Automatic;
				DEVELOPMENT_TEAM = 5Y3322JWHB;
				INFOPLIST_FILE = icdab_edgeTests/Info.plist;
				LD_RUNPATH_SEARCH_PATHS = (
					"$(inherited)",
					"@executable_path/Frameworks",
					"@loader_path/Frameworks",
				);
				PRODUCT_BUNDLE_IDENTIFIER = "com.perivalebluebell.icdab-edgeTests";
				PRODUCT_NAME = "$(TARGET_NAME)";
				SWIFT_VERSION = 4.0;
				TARGETED_DEVICE_FAMILY = 3;
				TEST_HOST = "$(BUILT_PRODUCTS_DIR)/icdab_edge.app/icdab_edge";
			};
			name = Release;
		};
		39D1579C21450A450010E29E /* Debug */ = {
			isa = XCBuildConfiguration;
			buildSettings = {
				ALWAYS_EMBED_SWIFT_STANDARD_LIBRARIES = YES;
				CODE_SIGN_STYLE = Automatic;
				DEVELOPMENT_TEAM = 5Y3322JWHB;
				INFOPLIST_FILE = icdab_edgeUITests/Info.plist;
				LD_RUNPATH_SEARCH_PATHS = (
					"$(inherited)",
					"@executable_path/Frameworks",
					"@loader_path/Frameworks",
				);
				PRODUCT_BUNDLE_IDENTIFIER = "com.perivalebluebell.icdab-edgeUITests";
				PRODUCT_NAME = "$(TARGET_NAME)";
				SWIFT_VERSION = 4.0;
				TARGETED_DEVICE_FAMILY = 3;
				TEST_TARGET_NAME = icdab_edge;
			};
			name = Debug;
		};
		39D1579D21450A450010E29E /* Release */ = {
			isa = XCBuildConfiguration;
			buildSettings = {
				ALWAYS_EMBED_SWIFT_STANDARD_LIBRARIES = YES;
				CODE_SIGN_STYLE = Automatic;
				DEVELOPMENT_TEAM = 5Y3322JWHB;
				INFOPLIST_FILE = icdab_edgeUITests/Info.plist;
				LD_RUNPATH_SEARCH_PATHS = (
					"$(inherited)",
					"@executable_path/Frameworks",
					"@loader_path/Frameworks",
				);
				PRODUCT_BUNDLE_IDENTIFIER = "com.perivalebluebell.icdab-edgeUITests";
				PRODUCT_NAME = "$(TARGET_NAME)";
				SWIFT_VERSION = 4.0;
				TARGETED_DEVICE_FAMILY = 3;
				TEST_TARGET_NAME = icdab_edge;
			};
			name = Release;
		};
/* End XCBuildConfiguration section */

/* Begin XCConfigurationList section */
		39D1576B21450A430010E29E /* Build configuration list for PBXProject "icdab_edge" */ = {
			isa = XCConfigurationList;
			buildConfigurations = (
				39D1579321450A450010E29E /* Debug */,
				39D1579421450A450010E29E /* Release */,
			);
			defaultConfigurationIsVisible = 0;
			defaultConfigurationName = Release;
		};
		39D1579521450A450010E29E /* Build configuration list for PBXNativeTarget "icdab_edge" */ = {
			isa = XCConfigurationList;
			buildConfigurations = (
				39D1579621450A450010E29E /* Debug */,
				39D1579721450A450010E29E /* Release */,
			);
			defaultConfigurationIsVisible = 0;
			defaultConfigurationName = Release;
		};
		39D1579821450A450010E29E /* Build configuration list for PBXNativeTarget "icdab_edgeTests" */ = {
			isa = XCConfigurationList;
			buildConfigurations = (
				39D1579921450A450010E29E /* Debug */,
				39D1579A21450A450010E29E /* Release */,
			);
			defaultConfigurationIsVisible = 0;
			defaultConfigurationName = Release;
		};
		39D1579B21450A450010E29E /* Build configuration list for PBXNativeTarget "icdab_edgeUITests" */ = {
			isa = XCConfigurationList;
			buildConfigurations = (
				39D1579C21450A450010E29E /* Debug */,
				39D1579D21450A450010E29E /* Release */,
			);
			defaultConfigurationIsVisible = 0;
			defaultConfigurationName = Release;
		};
/* End XCConfigurationList section */
	};
	rootObject = 39D1576821450A430010E29E /* Project object */;
}
